// !$*UTF8*$!
{
	archiveVersion = 1;
	classes = {
	};
	objectVersion = 46;
	objects = {

/* Begin PBXBuildFile section */
		63C69A541C362B01005A654C /* FriendsCollectionView.m in Sources */ = {isa = PBXBuildFile; fileRef = 63C69A4D1C362B01005A654C /* FriendsCollectionView.m */; };
		63C69A551C362B01005A654C /* BlueFriendsCollectionView.m in Sources */ = {isa = PBXBuildFile; fileRef = 63C69A4F1C362B01005A654C /* BlueFriendsCollectionView.m */; };
		63C69A561C362B01005A654C /* EventViewController.m in Sources */ = {isa = PBXBuildFile; fileRef = 63C69A511C362B01005A654C /* EventViewController.m */; };
		63C69A571C362B01005A654C /* EventTitleView.m in Sources */ = {isa = PBXBuildFile; fileRef = 63C69A531C362B01005A654C /* EventTitleView.m */; };
		B503CC641A2A2B35008F7B82 /* WebViewController.m in Sources */ = {isa = PBXBuildFile; fileRef = B503CC631A2A2B35008F7B82 /* WebViewController.m */; };
		B50903211B973E4B00D82FFC /* ActivityTableViewCell.m in Sources */ = {isa = PBXBuildFile; fileRef = B509031F1B973BFE00D82FFC /* ActivityTableViewCell.m */; };
		B509BBC81A7DA642002ACE39 /* PendingRequestTableViewCell.m in Sources */ = {isa = PBXBuildFile; fileRef = B509BBC71A7DA642002ACE39 /* PendingRequestTableViewCell.m */; };
		B50F33CA1BBFB68F00E7E0D5 /* star.png in Resources */ = {isa = PBXBuildFile; fileRef = B50F33C91BBFB68F00E7E0D5 /* star.png */; };
		B518CA9F1ADDB647005340BA /* EventsTabBarItem.png in Resources */ = {isa = PBXBuildFile; fileRef = B518CA9D1ADDB647005340BA /* EventsTabBarItem.png */; };
		B51A6A961AAC1EE3008FF64A /* SettingsViewController.m in Sources */ = {isa = PBXBuildFile; fileRef = B51A6A951AAC1EE3008FF64A /* SettingsViewController.m */; };
		B52446991AEDFF950081FED5 /* CompleteButton.png in Resources */ = {isa = PBXBuildFile; fileRef = B52446981AEDFF950081FED5 /* CompleteButton.png */; };
		B524469B1AEE03520081FED5 /* CommentWhite.png in Resources */ = {isa = PBXBuildFile; fileRef = B524469A1AEE03520081FED5 /* CommentWhite.png */; };
		B531B0161A27A3F20034CF3C /* main.m in Sources */ = {isa = PBXBuildFile; fileRef = B531B0151A27A3F20034CF3C /* main.m */; };
		B531B0191A27A3F20034CF3C /* AppDelegate.m in Sources */ = {isa = PBXBuildFile; fileRef = B531B0181A27A3F20034CF3C /* AppDelegate.m */; };
		B531B01C1A27A3F20034CF3C /* ViewController.m in Sources */ = {isa = PBXBuildFile; fileRef = B531B01B1A27A3F20034CF3C /* ViewController.m */; };
		B531B01F1A27A3F20034CF3C /* Main.storyboard in Resources */ = {isa = PBXBuildFile; fileRef = B531B01D1A27A3F20034CF3C /* Main.storyboard */; };
		B531B0211A27A3F20034CF3C /* Images.xcassets in Resources */ = {isa = PBXBuildFile; fileRef = B531B0201A27A3F20034CF3C /* Images.xcassets */; };
		B531B0241A27A3F20034CF3C /* LaunchScreen.xib in Resources */ = {isa = PBXBuildFile; fileRef = B531B0221A27A3F20034CF3C /* LaunchScreen.xib */; };
		B531B0301A27A3F20034CF3C /* Sign_OnTests.m in Sources */ = {isa = PBXBuildFile; fileRef = B531B02F1A27A3F20034CF3C /* Sign_OnTests.m */; };
		B531B0401A27E64E0034CF3C /* FriendsViewController.m in Sources */ = {isa = PBXBuildFile; fileRef = B531B03F1A27E64E0034CF3C /* FriendsViewController.m */; };
		B5333E631A2984620083E1CB /* facebook-login.png in Resources */ = {isa = PBXBuildFile; fileRef = B5333E621A2984620083E1CB /* facebook-login.png */; };
		B5333E661A29A5120083E1CB /* EmailRegistrationViewController.m in Sources */ = {isa = PBXBuildFile; fileRef = B5333E651A29A5120083E1CB /* EmailRegistrationViewController.m */; };
		B5338D891A6C35D6004091D7 /* FacebookSDK.framework in Frameworks */ = {isa = PBXBuildFile; fileRef = B5338D881A6C35D6004091D7 /* FacebookSDK.framework */; };
		B54D53F01B12BD690013504A /* ITDynamicBannerView.m in Sources */ = {isa = PBXBuildFile; fileRef = B54D53E71B12BD690013504A /* ITDynamicBannerView.m */; };
		B54D53F11B12BD690013504A /* ITBannerTableView.m in Sources */ = {isa = PBXBuildFile; fileRef = B54D53E91B12BD690013504A /* ITBannerTableView.m */; };
		B54D53F21B12BD690013504A /* ITDynamicBannerViewController.m in Sources */ = {isa = PBXBuildFile; fileRef = B54D53EB1B12BD690013504A /* ITDynamicBannerViewController.m */; };
		B54D53F31B12BD690013504A /* ITMultipleBannersViewController.m in Sources */ = {isa = PBXBuildFile; fileRef = B54D53ED1B12BD690013504A /* ITMultipleBannersViewController.m */; };
		B54D53F41B12BD690013504A /* ITAddView.m in Sources */ = {isa = PBXBuildFile; fileRef = B54D53EF1B12BD690013504A /* ITAddView.m */; };
		B54D53FD1B13153A0013504A /* Categories.png in Resources */ = {isa = PBXBuildFile; fileRef = B54D53FA1B13153A0013504A /* Categories.png */; };
		B54D53FE1B13153A0013504A /* Dice.png in Resources */ = {isa = PBXBuildFile; fileRef = B54D53FB1B13153A0013504A /* Dice.png */; };
		B556F5B71AA6B10C000C796C /* event_icon.png in Resources */ = {isa = PBXBuildFile; fileRef = B556F5B61AA6B10C000C796C /* event_icon.png */; };
		B556F5BD1AA6B2D2000C796C /* settings_icon.png in Resources */ = {isa = PBXBuildFile; fileRef = B556F5BC1AA6B2D2000C796C /* settings_icon.png */; };
		B561CB131BDE6CB600573C21 /* ActivityDetailView.m in Sources */ = {isa = PBXBuildFile; fileRef = B561CB121BDE6CB600573C21 /* ActivityDetailView.m */; };
		B567932F1AC1BECF00558E2D /* IntertwineManager+Events.m in Sources */ = {isa = PBXBuildFile; fileRef = B567932E1AC1BECF00558E2D /* IntertwineManager+Events.m */; };
		B56793321AC3075800558E2D /* create_event_bottom.png in Resources */ = {isa = PBXBuildFile; fileRef = B56793301AC3075800558E2D /* create_event_bottom.png */; };
		B56793331AC3075800558E2D /* create_event_top.png in Resources */ = {isa = PBXBuildFile; fileRef = B56793311AC3075800558E2D /* create_event_top.png */; };
		B56793361AC3088000558E2D /* checkmark.png in Resources */ = {isa = PBXBuildFile; fileRef = B56793341AC3088000558E2D /* checkmark.png */; };
		B56793371AC3088000558E2D /* elipses.png in Resources */ = {isa = PBXBuildFile; fileRef = B56793351AC3088000558E2D /* elipses.png */; };
		B567933E1AC3381400558E2D /* iPhone AppIcon.png in Resources */ = {isa = PBXBuildFile; fileRef = B567933C1AC3381400558E2D /* iPhone AppIcon.png */; };
		B567933F1AC3381400558E2D /* Spotlight Icon.png in Resources */ = {isa = PBXBuildFile; fileRef = B567933D1AC3381400558E2D /* Spotlight Icon.png */; };
		B56C48BD1BC0B317006B2867 /* CompleteIcon.png in Resources */ = {isa = PBXBuildFile; fileRef = B56C48BC1BC0B317006B2867 /* CompleteIcon.png */; };
		B56E43461AD42B9700D3B442 /* TempBackground.png in Resources */ = {isa = PBXBuildFile; fileRef = B56E43451AD42B9700D3B442 /* TempBackground.png */; };
		B56E43481AD42B9C00D3B442 /* PlusButton.png in Resources */ = {isa = PBXBuildFile; fileRef = B56E43471AD42B9C00D3B442 /* PlusButton.png */; };
		B56E434C1AD4B96700D3B442 /* ActivityViewController.m in Sources */ = {isa = PBXBuildFile; fileRef = B56E434B1AD4B96700D3B442 /* ActivityViewController.m */; };
		B56E434F1AD4BA5800D3B442 /* IntertwineManager+Activity.m in Sources */ = {isa = PBXBuildFile; fileRef = B56E434E1AD4BA5800D3B442 /* IntertwineManager+Activity.m */; };
		B572DDB21BD89DB700AC4481 /* search_icon.png in Resources */ = {isa = PBXBuildFile; fileRef = B572DDB11BD89DB700AC4481 /* search_icon.png */; };
		B572DDB51BD89E2100AC4481 /* EventObject.m in Sources */ = {isa = PBXBuildFile; fileRef = B572DDB41BD89E2100AC4481 /* EventObject.m */; };
		B572DDB81BD89E8500AC4481 /* EventCollectionViewCell.m in Sources */ = {isa = PBXBuildFile; fileRef = B572DDB71BD89E8500AC4481 /* EventCollectionViewCell.m */; };
		B572DDBA1BD8C4C900AC4481 /* notifications_icon.png in Resources */ = {isa = PBXBuildFile; fileRef = B572DDB91BD8C4C900AC4481 /* notifications_icon.png */; };
		B572DDBE1BD8C4D700AC4481 /* CommentIcon.png in Resources */ = {isa = PBXBuildFile; fileRef = B572DDBB1BD8C4D700AC4481 /* CommentIcon.png */; };
		B572DDBF1BD8C4D700AC4481 /* CompletedIcon.png in Resources */ = {isa = PBXBuildFile; fileRef = B572DDBC1BD8C4D700AC4481 /* CompletedIcon.png */; };
		B572DDC01BD8C4D700AC4481 /* LikeIcon.png in Resources */ = {isa = PBXBuildFile; fileRef = B572DDBD1BD8C4D700AC4481 /* LikeIcon.png */; };
		B572DDC41BD8C97400AC4481 /* friends.png in Resources */ = {isa = PBXBuildFile; fileRef = B572DDC31BD8C97400AC4481 /* friends.png */; };
		B58DA7A11AC0A983000B814E /* Friend.m in Sources */ = {isa = PBXBuildFile; fileRef = B58DA7A01AC0A983000B814E /* Friend.m */; };
		B58FD12F1BAAA40500C470CC /* CommentTableViewCell.m in Sources */ = {isa = PBXBuildFile; fileRef = B58FD12E1BAAA40500C470CC /* CommentTableViewCell.m */; };
		B58FD1321BABB18900C470CC /* FriendProfileView.m in Sources */ = {isa = PBXBuildFile; fileRef = B58FD1311BABB18900C470CC /* FriendProfileView.m */; };
		B58FD1351BAC5E9500C470CC /* IntertwineManager+ProfileImage.m in Sources */ = {isa = PBXBuildFile; fileRef = B58FD1341BAC5E9500C470CC /* IntertwineManager+ProfileImage.m */; };
		B59F2CA01BD828CA000265BA /* NotificationMenuViewController.m in Sources */ = {isa = PBXBuildFile; fileRef = B59F2C9F1BD828CA000265BA /* NotificationMenuViewController.m */; };
		B59F2CA31BD8290B000265BA /* IntertwineNotification.m in Sources */ = {isa = PBXBuildFile; fileRef = B59F2CA21BD8290B000265BA /* IntertwineNotification.m */; };
		B59F2CA61BD82F1F000265BA /* NotificationTableViewCell.m in Sources */ = {isa = PBXBuildFile; fileRef = B59F2CA51BD82F1F000265BA /* NotificationTableViewCell.m */; };
		B5B0045B1B59889000A6CBB4 /* NavigationView.m in Sources */ = {isa = PBXBuildFile; fileRef = B5B0045A1B59889000A6CBB4 /* NavigationView.m */; };
		B5B0045E1B598BC600A6CBB4 /* NavigationViewController.m in Sources */ = {isa = PBXBuildFile; fileRef = B5B0045D1B598BC600A6CBB4 /* NavigationViewController.m */; };
		B5B004631B598F8C00A6CBB4 /* FriendsTableViewController.m in Sources */ = {isa = PBXBuildFile; fileRef = B5B004601B598F8C00A6CBB4 /* FriendsTableViewController.m */; };
		B5B004641B598F8C00A6CBB4 /* FriendsTableViewCell.m in Sources */ = {isa = PBXBuildFile; fileRef = B5B004621B598F8C00A6CBB4 /* FriendsTableViewCell.m */; };
		B5B0046B1B59960C00A6CBB4 /* gear_icon.png in Resources */ = {isa = PBXBuildFile; fileRef = B5B004681B59960C00A6CBB4 /* gear_icon.png */; };
		B5B0046C1B59960C00A6CBB4 /* home_icon.png in Resources */ = {isa = PBXBuildFile; fileRef = B5B004691B59960C00A6CBB4 /* home_icon.png */; };
		B5B0046E1B59964100A6CBB4 /* background@2x.png in Resources */ = {isa = PBXBuildFile; fileRef = B5B0046D1B59964100A6CBB4 /* background@2x.png */; };
		B5BCC3F91BB26E06007FB816 /* ButtonBarView.m in Sources */ = {isa = PBXBuildFile; fileRef = B5BCC3F81BB26E06007FB816 /* ButtonBarView.m */; };
		B5BECC061BD33BEE00581C29 /* editPencil.png in Resources */ = {isa = PBXBuildFile; fileRef = B5BECC051BD33BEE00581C29 /* editPencil.png */; };
		B5C55ACD1BC4244C008CB334 /* NotificationBanner.m in Sources */ = {isa = PBXBuildFile; fileRef = B5C55ACC1BC4244C008CB334 /* NotificationBanner.m */; };
		B5C55ACF1BC49340008CB334 /* Submarine.aiff in Resources */ = {isa = PBXBuildFile; fileRef = B5C55ACE1BC49340008CB334 /* Submarine.aiff */; };
		B5C55AD11BC58807008CB334 /* friends_dark.png in Resources */ = {isa = PBXBuildFile; fileRef = B5C55AD01BC58807008CB334 /* friends_dark.png */; };
		B5C55AD41BC592D6008CB334 /* ActivityAlertView.m in Sources */ = {isa = PBXBuildFile; fileRef = B5C55AD31BC592D6008CB334 /* ActivityAlertView.m */; };
		B5C8F35D1AD9F93E0040E1C8 /* CommentViewController.m in Sources */ = {isa = PBXBuildFile; fileRef = B5C8F35C1AD9F93E0040E1C8 /* CommentViewController.m */; };
		B5C8F35F1ADA0A180040E1C8 /* DownArrow.png in Resources */ = {isa = PBXBuildFile; fileRef = B5C8F35E1ADA0A180040E1C8 /* DownArrow.png */; };
		B5CBC9841A78C3A700528F54 /* SendRequestViewController.m in Sources */ = {isa = PBXBuildFile; fileRef = B5CBC9831A78C3A700528F54 /* SendRequestViewController.m */; };
		B5CD68C91BA4D47000DA3CDA /* UILabel+DynamicHeight.m in Sources */ = {isa = PBXBuildFile; fileRef = B5CD68C81BA4D47000DA3CDA /* UILabel+DynamicHeight.m */; };
		B5DDC0B61BAF700B0025CD9B /* ActivityCompleteTableViewCell.m in Sources */ = {isa = PBXBuildFile; fileRef = B5DDC0B51BAF700B0025CD9B /* ActivityCompleteTableViewCell.m */; };
		B5E34CFB1B94205A00FB6348 /* BackgroundImage.png in Resources */ = {isa = PBXBuildFile; fileRef = B5E34CFA1B94205A00FB6348 /* BackgroundImage.png */; };
		B5E34CFD1B9426FB00FB6348 /* gear.png in Resources */ = {isa = PBXBuildFile; fileRef = B5E34CFC1B9426FB00FB6348 /* gear.png */; };
		B5E420021A8427600054F5CF /* SendRequestTableViewCell.m in Sources */ = {isa = PBXBuildFile; fileRef = B5E420011A8427600054F5CF /* SendRequestTableViewCell.m */; };
		B5EC650B1A6B88B0003F45F2 /* IntertwineManager.m in Sources */ = {isa = PBXBuildFile; fileRef = B5EC650A1A6B88B0003F45F2 /* IntertwineManager.m */; };
		B5EC650E1A6B88D6003F45F2 /* IntertwineManager+Friends.m in Sources */ = {isa = PBXBuildFile; fileRef = B5EC650D1A6B88D6003F45F2 /* IntertwineManager+Friends.m */; };
		B5F6DF9F1B269A8F008FB471 /* facebookbutton.png in Resources */ = {isa = PBXBuildFile; fileRef = B5F6DF9E1B269A8F008FB471 /* facebookbutton.png */; };
		B5F6DFA11B269A99008FB471 /* atsign.png in Resources */ = {isa = PBXBuildFile; fileRef = B5F6DFA01B269A99008FB471 /* atsign.png */; };
		B5F6DFA41B28DB4F008FB471 /* Add.png in Resources */ = {isa = PBXBuildFile; fileRef = B5F6DFA31B28DB4F008FB471 /* Add.png */; };
/* End PBXBuildFile section */

/* Begin PBXContainerItemProxy section */
		B531B02A1A27A3F20034CF3C /* PBXContainerItemProxy */ = {
			isa = PBXContainerItemProxy;
			containerPortal = B531B0081A27A3F20034CF3C /* Project object */;
			proxyType = 1;
			remoteGlobalIDString = B531B00F1A27A3F20034CF3C;
			remoteInfo = "Sign On";
		};
/* End PBXContainerItemProxy section */

/* Begin PBXFileReference section */
		63C69A4C1C362B01005A654C /* FriendsCollectionView.h */ = {isa = PBXFileReference; fileEncoding = 4; lastKnownFileType = sourcecode.c.h; path = FriendsCollectionView.h; sourceTree = "<group>"; };
		63C69A4D1C362B01005A654C /* FriendsCollectionView.m */ = {isa = PBXFileReference; fileEncoding = 4; lastKnownFileType = sourcecode.c.objc; path = FriendsCollectionView.m; sourceTree = "<group>"; };
		63C69A4E1C362B01005A654C /* BlueFriendsCollectionView.h */ = {isa = PBXFileReference; fileEncoding = 4; lastKnownFileType = sourcecode.c.h; path = BlueFriendsCollectionView.h; sourceTree = "<group>"; };
		63C69A4F1C362B01005A654C /* BlueFriendsCollectionView.m */ = {isa = PBXFileReference; fileEncoding = 4; lastKnownFileType = sourcecode.c.objc; path = BlueFriendsCollectionView.m; sourceTree = "<group>"; };
		63C69A501C362B01005A654C /* EventViewController.h */ = {isa = PBXFileReference; fileEncoding = 4; lastKnownFileType = sourcecode.c.h; path = EventViewController.h; sourceTree = "<group>"; };
		63C69A511C362B01005A654C /* EventViewController.m */ = {isa = PBXFileReference; fileEncoding = 4; lastKnownFileType = sourcecode.c.objc; path = EventViewController.m; sourceTree = "<group>"; };
		63C69A521C362B01005A654C /* EventTitleView.h */ = {isa = PBXFileReference; fileEncoding = 4; lastKnownFileType = sourcecode.c.h; path = EventTitleView.h; sourceTree = "<group>"; };
		63C69A531C362B01005A654C /* EventTitleView.m */ = {isa = PBXFileReference; fileEncoding = 4; lastKnownFileType = sourcecode.c.objc; path = EventTitleView.m; sourceTree = "<group>"; };
		B503CC621A2A2B35008F7B82 /* WebViewController.h */ = {isa = PBXFileReference; fileEncoding = 4; lastKnownFileType = sourcecode.c.h; path = WebViewController.h; sourceTree = "<group>"; };
		B503CC631A2A2B35008F7B82 /* WebViewController.m */ = {isa = PBXFileReference; fileEncoding = 4; lastKnownFileType = sourcecode.c.objc; path = WebViewController.m; sourceTree = "<group>"; };
		B509031E1B973BFE00D82FFC /* ActivityTableViewCell.h */ = {isa = PBXFileReference; fileEncoding = 4; lastKnownFileType = sourcecode.c.h; path = ActivityTableViewCell.h; sourceTree = "<group>"; };
		B509031F1B973BFE00D82FFC /* ActivityTableViewCell.m */ = {isa = PBXFileReference; fileEncoding = 4; lastKnownFileType = sourcecode.c.objc; path = ActivityTableViewCell.m; sourceTree = "<group>"; };
		B509BBC61A7DA642002ACE39 /* PendingRequestTableViewCell.h */ = {isa = PBXFileReference; fileEncoding = 4; lastKnownFileType = sourcecode.c.h; path = PendingRequestTableViewCell.h; sourceTree = "<group>"; };
		B509BBC71A7DA642002ACE39 /* PendingRequestTableViewCell.m */ = {isa = PBXFileReference; fileEncoding = 4; lastKnownFileType = sourcecode.c.objc; path = PendingRequestTableViewCell.m; sourceTree = "<group>"; };
		B50F33C91BBFB68F00E7E0D5 /* star.png */ = {isa = PBXFileReference; lastKnownFileType = image.png; path = star.png; sourceTree = "<group>"; };
		B518CA9D1ADDB647005340BA /* EventsTabBarItem.png */ = {isa = PBXFileReference; lastKnownFileType = image.png; path = EventsTabBarItem.png; sourceTree = "<group>"; };
		B51A6A941AAC1EE3008FF64A /* SettingsViewController.h */ = {isa = PBXFileReference; fileEncoding = 4; lastKnownFileType = sourcecode.c.h; path = SettingsViewController.h; sourceTree = "<group>"; };
		B51A6A951AAC1EE3008FF64A /* SettingsViewController.m */ = {isa = PBXFileReference; fileEncoding = 4; lastKnownFileType = sourcecode.c.objc; path = SettingsViewController.m; sourceTree = "<group>"; };
		B52446981AEDFF950081FED5 /* CompleteButton.png */ = {isa = PBXFileReference; lastKnownFileType = image.png; path = CompleteButton.png; sourceTree = "<group>"; };
		B524469A1AEE03520081FED5 /* CommentWhite.png */ = {isa = PBXFileReference; lastKnownFileType = image.png; path = CommentWhite.png; sourceTree = "<group>"; };
		B531B0101A27A3F20034CF3C /* Intertwine.app */ = {isa = PBXFileReference; explicitFileType = wrapper.application; includeInIndex = 0; path = Intertwine.app; sourceTree = BUILT_PRODUCTS_DIR; };
		B531B0141A27A3F20034CF3C /* Info.plist */ = {isa = PBXFileReference; lastKnownFileType = text.plist.xml; path = Info.plist; sourceTree = "<group>"; };
		B531B0151A27A3F20034CF3C /* main.m */ = {isa = PBXFileReference; lastKnownFileType = sourcecode.c.objc; path = main.m; sourceTree = "<group>"; };
		B531B0171A27A3F20034CF3C /* AppDelegate.h */ = {isa = PBXFileReference; lastKnownFileType = sourcecode.c.h; path = AppDelegate.h; sourceTree = "<group>"; };
		B531B0181A27A3F20034CF3C /* AppDelegate.m */ = {isa = PBXFileReference; lastKnownFileType = sourcecode.c.objc; path = AppDelegate.m; sourceTree = "<group>"; };
		B531B01A1A27A3F20034CF3C /* ViewController.h */ = {isa = PBXFileReference; lastKnownFileType = sourcecode.c.h; path = ViewController.h; sourceTree = "<group>"; };
		B531B01B1A27A3F20034CF3C /* ViewController.m */ = {isa = PBXFileReference; lastKnownFileType = sourcecode.c.objc; path = ViewController.m; sourceTree = "<group>"; };
		B531B01E1A27A3F20034CF3C /* Base */ = {isa = PBXFileReference; lastKnownFileType = file.storyboard; name = Base; path = Base.lproj/Main.storyboard; sourceTree = "<group>"; };
		B531B0201A27A3F20034CF3C /* Images.xcassets */ = {isa = PBXFileReference; lastKnownFileType = folder.assetcatalog; path = Images.xcassets; sourceTree = "<group>"; };
		B531B0231A27A3F20034CF3C /* Base */ = {isa = PBXFileReference; lastKnownFileType = file.xib; name = Base; path = Base.lproj/LaunchScreen.xib; sourceTree = "<group>"; };
		B531B0291A27A3F20034CF3C /* IntertwineTests.xctest */ = {isa = PBXFileReference; explicitFileType = wrapper.cfbundle; includeInIndex = 0; path = IntertwineTests.xctest; sourceTree = BUILT_PRODUCTS_DIR; };
		B531B02E1A27A3F20034CF3C /* Info.plist */ = {isa = PBXFileReference; lastKnownFileType = text.plist.xml; path = Info.plist; sourceTree = "<group>"; };
		B531B02F1A27A3F20034CF3C /* Sign_OnTests.m */ = {isa = PBXFileReference; lastKnownFileType = sourcecode.c.objc; path = Sign_OnTests.m; sourceTree = "<group>"; };
		B531B03E1A27E64E0034CF3C /* FriendsViewController.h */ = {isa = PBXFileReference; fileEncoding = 4; lastKnownFileType = sourcecode.c.h; path = FriendsViewController.h; sourceTree = "<group>"; };
		B531B03F1A27E64E0034CF3C /* FriendsViewController.m */ = {isa = PBXFileReference; fileEncoding = 4; lastKnownFileType = sourcecode.c.objc; path = FriendsViewController.m; sourceTree = "<group>"; };
		B5333E621A2984620083E1CB /* facebook-login.png */ = {isa = PBXFileReference; lastKnownFileType = image.png; path = "facebook-login.png"; sourceTree = "<group>"; };
		B5333E641A29A5120083E1CB /* EmailRegistrationViewController.h */ = {isa = PBXFileReference; fileEncoding = 4; lastKnownFileType = sourcecode.c.h; path = EmailRegistrationViewController.h; sourceTree = "<group>"; };
		B5333E651A29A5120083E1CB /* EmailRegistrationViewController.m */ = {isa = PBXFileReference; fileEncoding = 4; lastKnownFileType = sourcecode.c.objc; path = EmailRegistrationViewController.m; sourceTree = "<group>"; };
		B5338D881A6C35D6004091D7 /* FacebookSDK.framework */ = {isa = PBXFileReference; lastKnownFileType = wrapper.framework; path = FacebookSDK.framework; sourceTree = "<group>"; };
		B54D53E61B12BD690013504A /* ITDynamicBannerView.h */ = {isa = PBXFileReference; fileEncoding = 4; lastKnownFileType = sourcecode.c.h; path = ITDynamicBannerView.h; sourceTree = "<group>"; };
		B54D53E71B12BD690013504A /* ITDynamicBannerView.m */ = {isa = PBXFileReference; fileEncoding = 4; lastKnownFileType = sourcecode.c.objc; path = ITDynamicBannerView.m; sourceTree = "<group>"; };
		B54D53E81B12BD690013504A /* ITBannerTableView.h */ = {isa = PBXFileReference; fileEncoding = 4; lastKnownFileType = sourcecode.c.h; path = ITBannerTableView.h; sourceTree = "<group>"; };
		B54D53E91B12BD690013504A /* ITBannerTableView.m */ = {isa = PBXFileReference; fileEncoding = 4; lastKnownFileType = sourcecode.c.objc; path = ITBannerTableView.m; sourceTree = "<group>"; };
		B54D53EA1B12BD690013504A /* ITDynamicBannerViewController.h */ = {isa = PBXFileReference; fileEncoding = 4; lastKnownFileType = sourcecode.c.h; path = ITDynamicBannerViewController.h; sourceTree = "<group>"; };
		B54D53EB1B12BD690013504A /* ITDynamicBannerViewController.m */ = {isa = PBXFileReference; fileEncoding = 4; lastKnownFileType = sourcecode.c.objc; path = ITDynamicBannerViewController.m; sourceTree = "<group>"; };
		B54D53EC1B12BD690013504A /* ITMultipleBannersViewController.h */ = {isa = PBXFileReference; fileEncoding = 4; lastKnownFileType = sourcecode.c.h; path = ITMultipleBannersViewController.h; sourceTree = "<group>"; };
		B54D53ED1B12BD690013504A /* ITMultipleBannersViewController.m */ = {isa = PBXFileReference; fileEncoding = 4; lastKnownFileType = sourcecode.c.objc; path = ITMultipleBannersViewController.m; sourceTree = "<group>"; };
		B54D53EE1B12BD690013504A /* ITAddView.h */ = {isa = PBXFileReference; fileEncoding = 4; lastKnownFileType = sourcecode.c.h; path = ITAddView.h; sourceTree = "<group>"; };
		B54D53EF1B12BD690013504A /* ITAddView.m */ = {isa = PBXFileReference; fileEncoding = 4; lastKnownFileType = sourcecode.c.objc; path = ITAddView.m; sourceTree = "<group>"; };
		B54D53FA1B13153A0013504A /* Categories.png */ = {isa = PBXFileReference; lastKnownFileType = image.png; path = Categories.png; sourceTree = "<group>"; };
		B54D53FB1B13153A0013504A /* Dice.png */ = {isa = PBXFileReference; lastKnownFileType = image.png; path = Dice.png; sourceTree = "<group>"; };
		B556F5B61AA6B10C000C796C /* event_icon.png */ = {isa = PBXFileReference; lastKnownFileType = image.png; path = event_icon.png; sourceTree = "<group>"; };
		B556F5BC1AA6B2D2000C796C /* settings_icon.png */ = {isa = PBXFileReference; lastKnownFileType = image.png; path = settings_icon.png; sourceTree = "<group>"; };
		B561CB111BDE6CB600573C21 /* ActivityDetailView.h */ = {isa = PBXFileReference; fileEncoding = 4; lastKnownFileType = sourcecode.c.h; path = ActivityDetailView.h; sourceTree = "<group>"; };
		B561CB121BDE6CB600573C21 /* ActivityDetailView.m */ = {isa = PBXFileReference; fileEncoding = 4; lastKnownFileType = sourcecode.c.objc; path = ActivityDetailView.m; sourceTree = "<group>"; };
		B567932D1AC1BECF00558E2D /* IntertwineManager+Events.h */ = {isa = PBXFileReference; fileEncoding = 4; lastKnownFileType = sourcecode.c.h; path = "IntertwineManager+Events.h"; sourceTree = "<group>"; };
		B567932E1AC1BECF00558E2D /* IntertwineManager+Events.m */ = {isa = PBXFileReference; fileEncoding = 4; lastKnownFileType = sourcecode.c.objc; path = "IntertwineManager+Events.m"; sourceTree = "<group>"; };
		B56793301AC3075800558E2D /* create_event_bottom.png */ = {isa = PBXFileReference; lastKnownFileType = image.png; path = create_event_bottom.png; sourceTree = "<group>"; };
		B56793311AC3075800558E2D /* create_event_top.png */ = {isa = PBXFileReference; lastKnownFileType = image.png; path = create_event_top.png; sourceTree = "<group>"; };
		B56793341AC3088000558E2D /* checkmark.png */ = {isa = PBXFileReference; lastKnownFileType = image.png; path = checkmark.png; sourceTree = "<group>"; };
		B56793351AC3088000558E2D /* elipses.png */ = {isa = PBXFileReference; lastKnownFileType = image.png; path = elipses.png; sourceTree = "<group>"; };
		B567933C1AC3381400558E2D /* iPhone AppIcon.png */ = {isa = PBXFileReference; lastKnownFileType = image.png; path = "iPhone AppIcon.png"; sourceTree = "<group>"; };
		B567933D1AC3381400558E2D /* Spotlight Icon.png */ = {isa = PBXFileReference; lastKnownFileType = image.png; path = "Spotlight Icon.png"; sourceTree = "<group>"; };
		B56C48BC1BC0B317006B2867 /* CompleteIcon.png */ = {isa = PBXFileReference; lastKnownFileType = image.png; path = CompleteIcon.png; sourceTree = "<group>"; };
		B56E43451AD42B9700D3B442 /* TempBackground.png */ = {isa = PBXFileReference; lastKnownFileType = image.png; path = TempBackground.png; sourceTree = "<group>"; };
		B56E43471AD42B9C00D3B442 /* PlusButton.png */ = {isa = PBXFileReference; lastKnownFileType = image.png; path = PlusButton.png; sourceTree = "<group>"; };
		B56E434A1AD4B96700D3B442 /* ActivityViewController.h */ = {isa = PBXFileReference; fileEncoding = 4; lastKnownFileType = sourcecode.c.h; path = ActivityViewController.h; sourceTree = "<group>"; };
		B56E434B1AD4B96700D3B442 /* ActivityViewController.m */ = {isa = PBXFileReference; fileEncoding = 4; lastKnownFileType = sourcecode.c.objc; path = ActivityViewController.m; sourceTree = "<group>"; };
		B56E434D1AD4BA5800D3B442 /* IntertwineManager+Activity.h */ = {isa = PBXFileReference; fileEncoding = 4; lastKnownFileType = sourcecode.c.h; path = "IntertwineManager+Activity.h"; sourceTree = "<group>"; };
		B56E434E1AD4BA5800D3B442 /* IntertwineManager+Activity.m */ = {isa = PBXFileReference; fileEncoding = 4; lastKnownFileType = sourcecode.c.objc; path = "IntertwineManager+Activity.m"; sourceTree = "<group>"; };
		B572DDB11BD89DB700AC4481 /* search_icon.png */ = {isa = PBXFileReference; lastKnownFileType = image.png; path = search_icon.png; sourceTree = "<group>"; };
		B572DDB31BD89E2100AC4481 /* EventObject.h */ = {isa = PBXFileReference; fileEncoding = 4; lastKnownFileType = sourcecode.c.h; path = EventObject.h; sourceTree = "<group>"; };
		B572DDB41BD89E2100AC4481 /* EventObject.m */ = {isa = PBXFileReference; fileEncoding = 4; lastKnownFileType = sourcecode.c.objc; path = EventObject.m; sourceTree = "<group>"; };
		B572DDB61BD89E8500AC4481 /* EventCollectionViewCell.h */ = {isa = PBXFileReference; fileEncoding = 4; lastKnownFileType = sourcecode.c.h; path = EventCollectionViewCell.h; sourceTree = "<group>"; };
		B572DDB71BD89E8500AC4481 /* EventCollectionViewCell.m */ = {isa = PBXFileReference; fileEncoding = 4; lastKnownFileType = sourcecode.c.objc; path = EventCollectionViewCell.m; sourceTree = "<group>"; };
		B572DDB91BD8C4C900AC4481 /* notifications_icon.png */ = {isa = PBXFileReference; lastKnownFileType = image.png; path = notifications_icon.png; sourceTree = "<group>"; };
		B572DDBB1BD8C4D700AC4481 /* CommentIcon.png */ = {isa = PBXFileReference; lastKnownFileType = image.png; path = CommentIcon.png; sourceTree = "<group>"; };
		B572DDBC1BD8C4D700AC4481 /* CompletedIcon.png */ = {isa = PBXFileReference; lastKnownFileType = image.png; path = CompletedIcon.png; sourceTree = "<group>"; };
		B572DDBD1BD8C4D700AC4481 /* LikeIcon.png */ = {isa = PBXFileReference; lastKnownFileType = image.png; path = LikeIcon.png; sourceTree = "<group>"; };
		B572DDC31BD8C97400AC4481 /* friends.png */ = {isa = PBXFileReference; lastKnownFileType = image.png; path = friends.png; sourceTree = "<group>"; };
		B58DA79F1AC0A983000B814E /* Friend.h */ = {isa = PBXFileReference; fileEncoding = 4; lastKnownFileType = sourcecode.c.h; path = Friend.h; sourceTree = "<group>"; };
		B58DA7A01AC0A983000B814E /* Friend.m */ = {isa = PBXFileReference; fileEncoding = 4; lastKnownFileType = sourcecode.c.objc; path = Friend.m; sourceTree = "<group>"; };
		B58FD12D1BAAA40500C470CC /* CommentTableViewCell.h */ = {isa = PBXFileReference; fileEncoding = 4; lastKnownFileType = sourcecode.c.h; path = CommentTableViewCell.h; sourceTree = "<group>"; };
		B58FD12E1BAAA40500C470CC /* CommentTableViewCell.m */ = {isa = PBXFileReference; fileEncoding = 4; lastKnownFileType = sourcecode.c.objc; path = CommentTableViewCell.m; sourceTree = "<group>"; };
		B58FD1301BABB18900C470CC /* FriendProfileView.h */ = {isa = PBXFileReference; fileEncoding = 4; lastKnownFileType = sourcecode.c.h; path = FriendProfileView.h; sourceTree = "<group>"; };
		B58FD1311BABB18900C470CC /* FriendProfileView.m */ = {isa = PBXFileReference; fileEncoding = 4; lastKnownFileType = sourcecode.c.objc; path = FriendProfileView.m; sourceTree = "<group>"; };
		B58FD1331BAC5E9500C470CC /* IntertwineManager+ProfileImage.h */ = {isa = PBXFileReference; fileEncoding = 4; lastKnownFileType = sourcecode.c.h; path = "IntertwineManager+ProfileImage.h"; sourceTree = "<group>"; };
		B58FD1341BAC5E9500C470CC /* IntertwineManager+ProfileImage.m */ = {isa = PBXFileReference; fileEncoding = 4; lastKnownFileType = sourcecode.c.objc; path = "IntertwineManager+ProfileImage.m"; sourceTree = "<group>"; };
		B593D0141B251012007EF9D9 /* ITActivityViewController.h */ = {isa = PBXFileReference; fileEncoding = 4; lastKnownFileType = sourcecode.c.h; path = ITActivityViewController.h; sourceTree = "<group>"; };
		B593D0151B251012007EF9D9 /* ITActivityViewController.m */ = {isa = PBXFileReference; fileEncoding = 4; lastKnownFileType = sourcecode.c.objc; path = ITActivityViewController.m; sourceTree = "<group>"; };
		B59F2C9E1BD828CA000265BA /* NotificationMenuViewController.h */ = {isa = PBXFileReference; fileEncoding = 4; lastKnownFileType = sourcecode.c.h; path = NotificationMenuViewController.h; sourceTree = "<group>"; };
		B59F2C9F1BD828CA000265BA /* NotificationMenuViewController.m */ = {isa = PBXFileReference; fileEncoding = 4; lastKnownFileType = sourcecode.c.objc; path = NotificationMenuViewController.m; sourceTree = "<group>"; };
		B59F2CA11BD8290B000265BA /* IntertwineNotification.h */ = {isa = PBXFileReference; fileEncoding = 4; lastKnownFileType = sourcecode.c.h; path = IntertwineNotification.h; sourceTree = "<group>"; };
		B59F2CA21BD8290B000265BA /* IntertwineNotification.m */ = {isa = PBXFileReference; fileEncoding = 4; lastKnownFileType = sourcecode.c.objc; path = IntertwineNotification.m; sourceTree = "<group>"; };
		B59F2CA41BD82F1F000265BA /* NotificationTableViewCell.h */ = {isa = PBXFileReference; fileEncoding = 4; lastKnownFileType = sourcecode.c.h; path = NotificationTableViewCell.h; sourceTree = "<group>"; };
		B59F2CA51BD82F1F000265BA /* NotificationTableViewCell.m */ = {isa = PBXFileReference; fileEncoding = 4; lastKnownFileType = sourcecode.c.objc; path = NotificationTableViewCell.m; sourceTree = "<group>"; };
		B5A7C0B01B51C80200CF56D1 /* NewActivityViewController.h */ = {isa = PBXFileReference; fileEncoding = 4; lastKnownFileType = sourcecode.c.h; path = NewActivityViewController.h; sourceTree = "<group>"; };
		B5A7C0B11B51C80200CF56D1 /* NewActivityViewController.m */ = {isa = PBXFileReference; fileEncoding = 4; lastKnownFileType = sourcecode.c.objc; path = NewActivityViewController.m; sourceTree = "<group>"; };
		B5B004591B59889000A6CBB4 /* NavigationView.h */ = {isa = PBXFileReference; fileEncoding = 4; lastKnownFileType = sourcecode.c.h; path = NavigationView.h; sourceTree = "<group>"; };
		B5B0045A1B59889000A6CBB4 /* NavigationView.m */ = {isa = PBXFileReference; fileEncoding = 4; lastKnownFileType = sourcecode.c.objc; path = NavigationView.m; sourceTree = "<group>"; };
		B5B0045C1B598BC600A6CBB4 /* NavigationViewController.h */ = {isa = PBXFileReference; fileEncoding = 4; lastKnownFileType = sourcecode.c.h; path = NavigationViewController.h; sourceTree = "<group>"; };
		B5B0045D1B598BC600A6CBB4 /* NavigationViewController.m */ = {isa = PBXFileReference; fileEncoding = 4; lastKnownFileType = sourcecode.c.objc; path = NavigationViewController.m; sourceTree = "<group>"; };
		B5B0045F1B598F8C00A6CBB4 /* FriendsTableViewController.h */ = {isa = PBXFileReference; fileEncoding = 4; lastKnownFileType = sourcecode.c.h; path = FriendsTableViewController.h; sourceTree = "<group>"; };
		B5B004601B598F8C00A6CBB4 /* FriendsTableViewController.m */ = {isa = PBXFileReference; fileEncoding = 4; lastKnownFileType = sourcecode.c.objc; path = FriendsTableViewController.m; sourceTree = "<group>"; };
		B5B004611B598F8C00A6CBB4 /* FriendsTableViewCell.h */ = {isa = PBXFileReference; fileEncoding = 4; lastKnownFileType = sourcecode.c.h; path = FriendsTableViewCell.h; sourceTree = "<group>"; };
		B5B004621B598F8C00A6CBB4 /* FriendsTableViewCell.m */ = {isa = PBXFileReference; fileEncoding = 4; lastKnownFileType = sourcecode.c.objc; path = FriendsTableViewCell.m; sourceTree = "<group>"; };
		B5B004681B59960C00A6CBB4 /* gear_icon.png */ = {isa = PBXFileReference; lastKnownFileType = image.png; path = gear_icon.png; sourceTree = "<group>"; };
		B5B004691B59960C00A6CBB4 /* home_icon.png */ = {isa = PBXFileReference; lastKnownFileType = image.png; path = home_icon.png; sourceTree = "<group>"; };
		B5B0046D1B59964100A6CBB4 /* background@2x.png */ = {isa = PBXFileReference; lastKnownFileType = image.png; path = "background@2x.png"; sourceTree = "<group>"; };
		B5BCC3F71BB26E06007FB816 /* ButtonBarView.h */ = {isa = PBXFileReference; fileEncoding = 4; lastKnownFileType = sourcecode.c.h; path = ButtonBarView.h; sourceTree = "<group>"; };
		B5BCC3F81BB26E06007FB816 /* ButtonBarView.m */ = {isa = PBXFileReference; fileEncoding = 4; lastKnownFileType = sourcecode.c.objc; path = ButtonBarView.m; sourceTree = "<group>"; };
		B5BECC051BD33BEE00581C29 /* editPencil.png */ = {isa = PBXFileReference; lastKnownFileType = image.png; path = editPencil.png; sourceTree = "<group>"; };
		B5C55ACB1BC4244C008CB334 /* NotificationBanner.h */ = {isa = PBXFileReference; fileEncoding = 4; lastKnownFileType = sourcecode.c.h; path = NotificationBanner.h; sourceTree = "<group>"; };
		B5C55ACC1BC4244C008CB334 /* NotificationBanner.m */ = {isa = PBXFileReference; fileEncoding = 4; lastKnownFileType = sourcecode.c.objc; path = NotificationBanner.m; sourceTree = "<group>"; };
		B5C55ACE1BC49340008CB334 /* Submarine.aiff */ = {isa = PBXFileReference; lastKnownFileType = audio.aiff; path = Submarine.aiff; sourceTree = "<group>"; };
		B5C55AD01BC58807008CB334 /* friends_dark.png */ = {isa = PBXFileReference; lastKnownFileType = image.png; path = friends_dark.png; sourceTree = "<group>"; };
		B5C55AD21BC592D6008CB334 /* ActivityAlertView.h */ = {isa = PBXFileReference; fileEncoding = 4; lastKnownFileType = sourcecode.c.h; path = ActivityAlertView.h; sourceTree = "<group>"; };
		B5C55AD31BC592D6008CB334 /* ActivityAlertView.m */ = {isa = PBXFileReference; fileEncoding = 4; lastKnownFileType = sourcecode.c.objc; path = ActivityAlertView.m; sourceTree = "<group>"; };
		B5C8F35B1AD9F93E0040E1C8 /* CommentViewController.h */ = {isa = PBXFileReference; fileEncoding = 4; lastKnownFileType = sourcecode.c.h; path = CommentViewController.h; sourceTree = "<group>"; };
		B5C8F35C1AD9F93E0040E1C8 /* CommentViewController.m */ = {isa = PBXFileReference; fileEncoding = 4; lastKnownFileType = sourcecode.c.objc; path = CommentViewController.m; sourceTree = "<group>"; };
		B5C8F35E1ADA0A180040E1C8 /* DownArrow.png */ = {isa = PBXFileReference; lastKnownFileType = image.png; path = DownArrow.png; sourceTree = "<group>"; };
		B5CBC9821A78C3A700528F54 /* SendRequestViewController.h */ = {isa = PBXFileReference; fileEncoding = 4; lastKnownFileType = sourcecode.c.h; path = SendRequestViewController.h; sourceTree = "<group>"; };
		B5CBC9831A78C3A700528F54 /* SendRequestViewController.m */ = {isa = PBXFileReference; fileEncoding = 4; lastKnownFileType = sourcecode.c.objc; path = SendRequestViewController.m; sourceTree = "<group>"; };
		B5CD68C71BA4D47000DA3CDA /* UILabel+DynamicHeight.h */ = {isa = PBXFileReference; fileEncoding = 4; lastKnownFileType = sourcecode.c.h; path = "UILabel+DynamicHeight.h"; sourceTree = "<group>"; };
		B5CD68C81BA4D47000DA3CDA /* UILabel+DynamicHeight.m */ = {isa = PBXFileReference; fileEncoding = 4; lastKnownFileType = sourcecode.c.objc; path = "UILabel+DynamicHeight.m"; sourceTree = "<group>"; };
		B5DDC0B41BAF700B0025CD9B /* ActivityCompleteTableViewCell.h */ = {isa = PBXFileReference; fileEncoding = 4; lastKnownFileType = sourcecode.c.h; path = ActivityCompleteTableViewCell.h; sourceTree = "<group>"; };
		B5DDC0B51BAF700B0025CD9B /* ActivityCompleteTableViewCell.m */ = {isa = PBXFileReference; fileEncoding = 4; lastKnownFileType = sourcecode.c.objc; path = ActivityCompleteTableViewCell.m; sourceTree = "<group>"; };
		B5E34CFA1B94205A00FB6348 /* BackgroundImage.png */ = {isa = PBXFileReference; lastKnownFileType = image.png; path = BackgroundImage.png; sourceTree = "<group>"; };
		B5E34CFC1B9426FB00FB6348 /* gear.png */ = {isa = PBXFileReference; lastKnownFileType = image.png; path = gear.png; sourceTree = "<group>"; };
		B5E420001A8427600054F5CF /* SendRequestTableViewCell.h */ = {isa = PBXFileReference; fileEncoding = 4; lastKnownFileType = sourcecode.c.h; path = SendRequestTableViewCell.h; sourceTree = "<group>"; };
		B5E420011A8427600054F5CF /* SendRequestTableViewCell.m */ = {isa = PBXFileReference; fileEncoding = 4; lastKnownFileType = sourcecode.c.objc; path = SendRequestTableViewCell.m; sourceTree = "<group>"; };
		B5EC65091A6B88B0003F45F2 /* IntertwineManager.h */ = {isa = PBXFileReference; fileEncoding = 4; lastKnownFileType = sourcecode.c.h; path = IntertwineManager.h; sourceTree = "<group>"; };
		B5EC650A1A6B88B0003F45F2 /* IntertwineManager.m */ = {isa = PBXFileReference; fileEncoding = 4; lastKnownFileType = sourcecode.c.objc; path = IntertwineManager.m; sourceTree = "<group>"; };
		B5EC650D1A6B88D6003F45F2 /* IntertwineManager+Friends.m */ = {isa = PBXFileReference; fileEncoding = 4; lastKnownFileType = sourcecode.c.objc; path = "IntertwineManager+Friends.m"; sourceTree = "<group>"; };
		B5EC650F1A6BA327003F45F2 /* IntertwineManager+Friends.h */ = {isa = PBXFileReference; fileEncoding = 4; lastKnownFileType = sourcecode.c.h; path = "IntertwineManager+Friends.h"; sourceTree = "<group>"; };
		B5F6DF9E1B269A8F008FB471 /* facebookbutton.png */ = {isa = PBXFileReference; lastKnownFileType = image.png; path = facebookbutton.png; sourceTree = "<group>"; };
		B5F6DFA01B269A99008FB471 /* atsign.png */ = {isa = PBXFileReference; lastKnownFileType = image.png; path = atsign.png; sourceTree = "<group>"; };
		B5F6DFA31B28DB4F008FB471 /* Add.png */ = {isa = PBXFileReference; lastKnownFileType = image.png; path = Add.png; sourceTree = "<group>"; };
/* End PBXFileReference section */

/* Begin PBXFrameworksBuildPhase section */
		B531B00D1A27A3F20034CF3C /* Frameworks */ = {
			isa = PBXFrameworksBuildPhase;
			buildActionMask = 2147483647;
			files = (
				B5338D891A6C35D6004091D7 /* FacebookSDK.framework in Frameworks */,
			);
			runOnlyForDeploymentPostprocessing = 0;
		};
		B531B0261A27A3F20034CF3C /* Frameworks */ = {
			isa = PBXFrameworksBuildPhase;
			buildActionMask = 2147483647;
			files = (
			);
			runOnlyForDeploymentPostprocessing = 0;
		};
/* End PBXFrameworksBuildPhase section */

/* Begin PBXGroup section */
		B509BBC51A7DA61A002ACE39 /* Tableview Cells */ = {
			isa = PBXGroup;
			children = (
				B509BBC61A7DA642002ACE39 /* PendingRequestTableViewCell.h */,
				B509BBC71A7DA642002ACE39 /* PendingRequestTableViewCell.m */,
				B5E420001A8427600054F5CF /* SendRequestTableViewCell.h */,
				B5E420011A8427600054F5CF /* SendRequestTableViewCell.m */,
			);
			name = "Tableview Cells";
			sourceTree = "<group>";
		};
		B531B0071A27A3F20034CF3C = {
			isa = PBXGroup;
			children = (
				B5338D881A6C35D6004091D7 /* FacebookSDK.framework */,
				B5EC65091A6B88B0003F45F2 /* IntertwineManager.h */,
				B5EC650A1A6B88B0003F45F2 /* IntertwineManager.m */,
				B58FD1331BAC5E9500C470CC /* IntertwineManager+ProfileImage.h */,
				B58FD1341BAC5E9500C470CC /* IntertwineManager+ProfileImage.m */,
				B59F2C9D1BD82841000265BA /* Notifications */,
				B5B004581B59887700A6CBB4 /* Navigation */,
				B54D53F61B12BD770013504A /* Multiple Banners */,
				B56E43491AD4B93200D3B442 /* Activity */,
				B56C48BE1BC1B3EF006B2867 /* Commenting */,
				B556F5B21AA55FC4000C796C /* To Split Up */,
				B509BBC51A7DA61A002ACE39 /* Tableview Cells */,
				B5EC65081A6B885E003F45F2 /* Friends */,
				B556F5B31AA55FEA000C796C /* Sign-up */,
				B531B0121A27A3F20034CF3C /* Sign On */,
				B531B02C1A27A3F20034CF3C /* Sign OnTests */,
				B531B0111A27A3F20034CF3C /* Products */,
			);
			sourceTree = "<group>";
		};
		B531B0111A27A3F20034CF3C /* Products */ = {
			isa = PBXGroup;
			children = (
				B531B0101A27A3F20034CF3C /* Intertwine.app */,
				B531B0291A27A3F20034CF3C /* IntertwineTests.xctest */,
			);
			name = Products;
			sourceTree = "<group>";
		};
		B531B0121A27A3F20034CF3C /* Sign On */ = {
			isa = PBXGroup;
			children = (
				B531B0171A27A3F20034CF3C /* AppDelegate.h */,
				B531B0181A27A3F20034CF3C /* AppDelegate.m */,
				B531B01A1A27A3F20034CF3C /* ViewController.h */,
				B531B01B1A27A3F20034CF3C /* ViewController.m */,
				B531B01D1A27A3F20034CF3C /* Main.storyboard */,
				B531B0201A27A3F20034CF3C /* Images.xcassets */,
				B531B0221A27A3F20034CF3C /* LaunchScreen.xib */,
				B531B0131A27A3F20034CF3C /* Supporting Files */,
			);
			path = "Sign On";
			sourceTree = "<group>";
		};
		B531B0131A27A3F20034CF3C /* Supporting Files */ = {
			isa = PBXGroup;
			children = (
				B5C55ACE1BC49340008CB334 /* Submarine.aiff */,
				B5B004651B59958F00A6CBB4 /* Images */,
				B5F6DFA21B269A9D008FB471 /* Logging In */,
				B5E34CFC1B9426FB00FB6348 /* gear.png */,
				B572DDB91BD8C4C900AC4481 /* notifications_icon.png */,
				B572DDB11BD89DB700AC4481 /* search_icon.png */,
				B5BECC051BD33BEE00581C29 /* editPencil.png */,
				B572DDC31BD8C97400AC4481 /* friends.png */,
				B5C55AD01BC58807008CB334 /* friends_dark.png */,
				B524469A1AEE03520081FED5 /* CommentWhite.png */,
				B52446981AEDFF950081FED5 /* CompleteButton.png */,
				B518CA9D1ADDB647005340BA /* EventsTabBarItem.png */,
				B5C8F35E1ADA0A180040E1C8 /* DownArrow.png */,
				B56E43471AD42B9C00D3B442 /* PlusButton.png */,
				B56E43451AD42B9700D3B442 /* TempBackground.png */,
				B567933C1AC3381400558E2D /* iPhone AppIcon.png */,
				B567933D1AC3381400558E2D /* Spotlight Icon.png */,
				B56793341AC3088000558E2D /* checkmark.png */,
				B56793351AC3088000558E2D /* elipses.png */,
				B56793301AC3075800558E2D /* create_event_bottom.png */,
				B56793311AC3075800558E2D /* create_event_top.png */,
				B556F5BC1AA6B2D2000C796C /* settings_icon.png */,
				B556F5B61AA6B10C000C796C /* event_icon.png */,
				B5333E621A2984620083E1CB /* facebook-login.png */,
				B531B0141A27A3F20034CF3C /* Info.plist */,
				B531B0151A27A3F20034CF3C /* main.m */,
			);
			name = "Supporting Files";
			sourceTree = "<group>";
		};
		B531B02C1A27A3F20034CF3C /* Sign OnTests */ = {
			isa = PBXGroup;
			children = (
				B531B02F1A27A3F20034CF3C /* Sign_OnTests.m */,
				B531B02D1A27A3F20034CF3C /* Supporting Files */,
			);
			path = "Sign OnTests";
			sourceTree = "<group>";
		};
		B531B02D1A27A3F20034CF3C /* Supporting Files */ = {
			isa = PBXGroup;
			children = (
				B531B02E1A27A3F20034CF3C /* Info.plist */,
			);
			name = "Supporting Files";
			sourceTree = "<group>";
		};
		B54D53F61B12BD770013504A /* Multiple Banners */ = {
			isa = PBXGroup;
			children = (
				B5F6DFA31B28DB4F008FB471 /* Add.png */,
				B54D53FA1B13153A0013504A /* Categories.png */,
				B54D53FB1B13153A0013504A /* Dice.png */,
				B54D53E61B12BD690013504A /* ITDynamicBannerView.h */,
				B54D53E71B12BD690013504A /* ITDynamicBannerView.m */,
				B54D53E81B12BD690013504A /* ITBannerTableView.h */,
				B54D53E91B12BD690013504A /* ITBannerTableView.m */,
				B54D53EA1B12BD690013504A /* ITDynamicBannerViewController.h */,
				B54D53EB1B12BD690013504A /* ITDynamicBannerViewController.m */,
				B593D0141B251012007EF9D9 /* ITActivityViewController.h */,
				B593D0151B251012007EF9D9 /* ITActivityViewController.m */,
				B54D53EC1B12BD690013504A /* ITMultipleBannersViewController.h */,
				B54D53ED1B12BD690013504A /* ITMultipleBannersViewController.m */,
				B54D53EE1B12BD690013504A /* ITAddView.h */,
				B54D53EF1B12BD690013504A /* ITAddView.m */,
			);
			name = "Multiple Banners";
			sourceTree = "<group>";
		};
		B556F5B21AA55FC4000C796C /* To Split Up */ = {
			isa = PBXGroup;
			children = (
				B5CD68C71BA4D47000DA3CDA /* UILabel+DynamicHeight.h */,
				B5CD68C81BA4D47000DA3CDA /* UILabel+DynamicHeight.m */,
				B51A6A941AAC1EE3008FF64A /* SettingsViewController.h */,
				B51A6A951AAC1EE3008FF64A /* SettingsViewController.m */,
				B5BCC3F71BB26E06007FB816 /* ButtonBarView.h */,
				B5BCC3F81BB26E06007FB816 /* ButtonBarView.m */,
			);
			name = "To Split Up";
			sourceTree = "<group>";
		};
		B556F5B31AA55FEA000C796C /* Sign-up */ = {
			isa = PBXGroup;
			children = (
				B5333E641A29A5120083E1CB /* EmailRegistrationViewController.h */,
				B5333E651A29A5120083E1CB /* EmailRegistrationViewController.m */,
				B503CC621A2A2B35008F7B82 /* WebViewController.h */,
				B503CC631A2A2B35008F7B82 /* WebViewController.m */,
			);
			name = "Sign-up";
			path = "Sign On";
			sourceTree = "<group>";
		};
		B56C48BE1BC1B3EF006B2867 /* Commenting */ = {
			isa = PBXGroup;
			children = (
				B5C8F35B1AD9F93E0040E1C8 /* CommentViewController.h */,
				B5C8F35C1AD9F93E0040E1C8 /* CommentViewController.m */,
				B58FD12D1BAAA40500C470CC /* CommentTableViewCell.h */,
				B58FD12E1BAAA40500C470CC /* CommentTableViewCell.m */,
			);
			name = Commenting;
			sourceTree = "<group>";
		};
		B56E43491AD4B93200D3B442 /* Activity */ = {
			isa = PBXGroup;
			children = (
				B572DDB31BD89E2100AC4481 /* EventObject.h */,
				B572DDB41BD89E2100AC4481 /* EventObject.m */,
				B561CB111BDE6CB600573C21 /* ActivityDetailView.h */,
				B561CB121BDE6CB600573C21 /* ActivityDetailView.m */,
				B572DDB61BD89E8500AC4481 /* EventCollectionViewCell.h */,
				B572DDB71BD89E8500AC4481 /* EventCollectionViewCell.m */,
				B5C55AD21BC592D6008CB334 /* ActivityAlertView.h */,
				B5C55AD31BC592D6008CB334 /* ActivityAlertView.m */,
				B5DDC0B41BAF700B0025CD9B /* ActivityCompleteTableViewCell.h */,
				B5DDC0B51BAF700B0025CD9B /* ActivityCompleteTableViewCell.m */,
				B509031E1B973BFE00D82FFC /* ActivityTableViewCell.h */,
				B509031F1B973BFE00D82FFC /* ActivityTableViewCell.m */,
				B56E434A1AD4B96700D3B442 /* ActivityViewController.h */,
				B56E434B1AD4B96700D3B442 /* ActivityViewController.m */,
				B5A7C0B01B51C80200CF56D1 /* NewActivityViewController.h */,
				B5A7C0B11B51C80200CF56D1 /* NewActivityViewController.m */,
				B56E434D1AD4BA5800D3B442 /* IntertwineManager+Activity.h */,
				B56E434E1AD4BA5800D3B442 /* IntertwineManager+Activity.m */,
				B567932D1AC1BECF00558E2D /* IntertwineManager+Events.h */,
				B567932E1AC1BECF00558E2D /* IntertwineManager+Events.m */,
				63C69A4C1C362B01005A654C /* FriendsCollectionView.h */,
				63C69A4D1C362B01005A654C /* FriendsCollectionView.m */,
				63C69A4E1C362B01005A654C /* BlueFriendsCollectionView.h */,
				63C69A4F1C362B01005A654C /* BlueFriendsCollectionView.m */,
				63C69A501C362B01005A654C /* EventViewController.h */,
				63C69A511C362B01005A654C /* EventViewController.m */,
				63C69A521C362B01005A654C /* EventTitleView.h */,
				63C69A531C362B01005A654C /* EventTitleView.m */,
			);
			name = Activity;
			sourceTree = "<group>";
		};
		B59D74531BAF0D200048C223 /* ActivityCell */ = {
			isa = PBXGroup;
			children = (
				B50F33C91BBFB68F00E7E0D5 /* star.png */,
				B572DDBB1BD8C4D700AC4481 /* CommentIcon.png */,
				B572DDBC1BD8C4D700AC4481 /* CompletedIcon.png */,
				B572DDBD1BD8C4D700AC4481 /* LikeIcon.png */,
			);
			name = ActivityCell;
			sourceTree = "<group>";
		};
		B59F2C9D1BD82841000265BA /* Notifications */ = {
			isa = PBXGroup;
			children = (
				B5C55ACB1BC4244C008CB334 /* NotificationBanner.h */,
				B5C55ACC1BC4244C008CB334 /* NotificationBanner.m */,
				B59F2CA11BD8290B000265BA /* IntertwineNotification.h */,
				B59F2CA21BD8290B000265BA /* IntertwineNotification.m */,
				B59F2C9E1BD828CA000265BA /* NotificationMenuViewController.h */,
				B59F2C9F1BD828CA000265BA /* NotificationMenuViewController.m */,
				B59F2CA41BD82F1F000265BA /* NotificationTableViewCell.h */,
				B59F2CA51BD82F1F000265BA /* NotificationTableViewCell.m */,
			);
			name = Notifications;
			sourceTree = "<group>";
		};
		B5B004581B59887700A6CBB4 /* Navigation */ = {
			isa = PBXGroup;
			children = (
				B5B004591B59889000A6CBB4 /* NavigationView.h */,
				B5B0045A1B59889000A6CBB4 /* NavigationView.m */,
				B5B0045C1B598BC600A6CBB4 /* NavigationViewController.h */,
				B5B0045D1B598BC600A6CBB4 /* NavigationViewController.m */,
			);
			name = Navigation;
			sourceTree = "<group>";
		};
		B5B004651B59958F00A6CBB4 /* Images */ = {
			isa = PBXGroup;
			children = (
				B59D74531BAF0D200048C223 /* ActivityCell */,
				B5E34CFA1B94205A00FB6348 /* BackgroundImage.png */,
				B5B0046D1B59964100A6CBB4 /* background@2x.png */,
				B56C48BC1BC0B317006B2867 /* CompleteIcon.png */,
				B5B004661B59959400A6CBB4 /* Navigation */,
			);
			name = Images;
			sourceTree = "<group>";
		};
		B5B004661B59959400A6CBB4 /* Navigation */ = {
			isa = PBXGroup;
			children = (
				B5B004681B59960C00A6CBB4 /* gear_icon.png */,
				B5B004691B59960C00A6CBB4 /* home_icon.png */,
			);
			name = Navigation;
			sourceTree = "<group>";
		};
		B5EC65081A6B885E003F45F2 /* Friends */ = {
			isa = PBXGroup;
			children = (
				B58FD1301BABB18900C470CC /* FriendProfileView.h */,
				B58FD1311BABB18900C470CC /* FriendProfileView.m */,
				B58DA79F1AC0A983000B814E /* Friend.h */,
				B58DA7A01AC0A983000B814E /* Friend.m */,
				B5EC650F1A6BA327003F45F2 /* IntertwineManager+Friends.h */,
				B5EC650D1A6B88D6003F45F2 /* IntertwineManager+Friends.m */,
				B531B03E1A27E64E0034CF3C /* FriendsViewController.h */,
				B531B03F1A27E64E0034CF3C /* FriendsViewController.m */,
				B5B0045F1B598F8C00A6CBB4 /* FriendsTableViewController.h */,
				B5B004601B598F8C00A6CBB4 /* FriendsTableViewController.m */,
				B5B004611B598F8C00A6CBB4 /* FriendsTableViewCell.h */,
				B5B004621B598F8C00A6CBB4 /* FriendsTableViewCell.m */,
				B5CBC9821A78C3A700528F54 /* SendRequestViewController.h */,
				B5CBC9831A78C3A700528F54 /* SendRequestViewController.m */,
			);
			name = Friends;
			sourceTree = "<group>";
		};
		B5F6DFA21B269A9D008FB471 /* Logging In */ = {
			isa = PBXGroup;
			children = (
				B5F6DFA01B269A99008FB471 /* atsign.png */,
				B5F6DF9E1B269A8F008FB471 /* facebookbutton.png */,
			);
			name = "Logging In";
			sourceTree = "<group>";
		};
/* End PBXGroup section */

/* Begin PBXNativeTarget section */
		B531B00F1A27A3F20034CF3C /* Intertwine */ = {
			isa = PBXNativeTarget;
			buildConfigurationList = B531B0331A27A3F20034CF3C /* Build configuration list for PBXNativeTarget "Intertwine" */;
			buildPhases = (
				B531B00C1A27A3F20034CF3C /* Sources */,
				B531B00D1A27A3F20034CF3C /* Frameworks */,
				B531B00E1A27A3F20034CF3C /* Resources */,
			);
			buildRules = (
			);
			dependencies = (
			);
			name = Intertwine;
			productName = "Sign On";
			productReference = B531B0101A27A3F20034CF3C /* Intertwine.app */;
			productType = "com.apple.product-type.application";
		};
		B531B0281A27A3F20034CF3C /* IntertwineTests */ = {
			isa = PBXNativeTarget;
			buildConfigurationList = B531B0361A27A3F20034CF3C /* Build configuration list for PBXNativeTarget "IntertwineTests" */;
			buildPhases = (
				B531B0251A27A3F20034CF3C /* Sources */,
				B531B0261A27A3F20034CF3C /* Frameworks */,
				B531B0271A27A3F20034CF3C /* Resources */,
			);
			buildRules = (
			);
			dependencies = (
				B531B02B1A27A3F20034CF3C /* PBXTargetDependency */,
			);
			name = IntertwineTests;
			productName = "Sign OnTests";
			productReference = B531B0291A27A3F20034CF3C /* IntertwineTests.xctest */;
			productType = "com.apple.product-type.bundle.unit-test";
		};
/* End PBXNativeTarget section */

/* Begin PBXProject section */
		B531B0081A27A3F20034CF3C /* Project object */ = {
			isa = PBXProject;
			attributes = {
				LastUpgradeCheck = 0610;
				ORGANIZATIONNAME = Intertwine;
				TargetAttributes = {
					B531B00F1A27A3F20034CF3C = {
						CreatedOnToolsVersion = 6.1;
						DevelopmentTeam = 5W2KTDXFV2;
					};
					B531B0281A27A3F20034CF3C = {
						CreatedOnToolsVersion = 6.1;
						TestTargetID = B531B00F1A27A3F20034CF3C;
					};
				};
			};
			buildConfigurationList = B531B00B1A27A3F20034CF3C /* Build configuration list for PBXProject "Intertwine" */;
			compatibilityVersion = "Xcode 3.2";
			developmentRegion = English;
			hasScannedForEncodings = 0;
			knownRegions = (
				en,
				Base,
				he,
			);
			mainGroup = B531B0071A27A3F20034CF3C;
			productRefGroup = B531B0111A27A3F20034CF3C /* Products */;
			projectDirPath = "";
			projectRoot = "";
			targets = (
				B531B00F1A27A3F20034CF3C /* Intertwine */,
				B531B0281A27A3F20034CF3C /* IntertwineTests */,
			);
		};
/* End PBXProject section */

/* Begin PBXResourcesBuildPhase section */
		B531B00E1A27A3F20034CF3C /* Resources */ = {
			isa = PBXResourcesBuildPhase;
			buildActionMask = 2147483647;
			files = (
				B567933F1AC3381400558E2D /* Spotlight Icon.png in Resources */,
				B524469B1AEE03520081FED5 /* CommentWhite.png in Resources */,
				B56793331AC3075800558E2D /* create_event_top.png in Resources */,
				B5C55AD11BC58807008CB334 /* friends_dark.png in Resources */,
				B52446991AEDFF950081FED5 /* CompleteButton.png in Resources */,
				B556F5B71AA6B10C000C796C /* event_icon.png in Resources */,
				B56793371AC3088000558E2D /* elipses.png in Resources */,
				B572DDC01BD8C4D700AC4481 /* LikeIcon.png in Resources */,
				B5B0046C1B59960C00A6CBB4 /* home_icon.png in Resources */,
				B5BECC061BD33BEE00581C29 /* editPencil.png in Resources */,
				B572DDB21BD89DB700AC4481 /* search_icon.png in Resources */,
				B54D53FD1B13153A0013504A /* Categories.png in Resources */,
				B5F6DFA11B269A99008FB471 /* atsign.png in Resources */,
				B572DDC41BD8C97400AC4481 /* friends.png in Resources */,
				B5F6DF9F1B269A8F008FB471 /* facebookbutton.png in Resources */,
				B572DDBF1BD8C4D700AC4481 /* CompletedIcon.png in Resources */,
				B56793321AC3075800558E2D /* create_event_bottom.png in Resources */,
				B531B01F1A27A3F20034CF3C /* Main.storyboard in Resources */,
				B5F6DFA41B28DB4F008FB471 /* Add.png in Resources */,
				B572DDBA1BD8C4C900AC4481 /* notifications_icon.png in Resources */,
				B5C55ACF1BC49340008CB334 /* Submarine.aiff in Resources */,
				B556F5BD1AA6B2D2000C796C /* settings_icon.png in Resources */,
				B5333E631A2984620083E1CB /* facebook-login.png in Resources */,
				B531B0241A27A3F20034CF3C /* LaunchScreen.xib in Resources */,
				B5E34CFB1B94205A00FB6348 /* BackgroundImage.png in Resources */,
				B5C8F35F1ADA0A180040E1C8 /* DownArrow.png in Resources */,
				B50F33CA1BBFB68F00E7E0D5 /* star.png in Resources */,
				B56C48BD1BC0B317006B2867 /* CompleteIcon.png in Resources */,
				B54D53FE1B13153A0013504A /* Dice.png in Resources */,
				B56E43481AD42B9C00D3B442 /* PlusButton.png in Resources */,
				B572DDBE1BD8C4D700AC4481 /* CommentIcon.png in Resources */,
				B56793361AC3088000558E2D /* checkmark.png in Resources */,
				B531B0211A27A3F20034CF3C /* Images.xcassets in Resources */,
				B56E43461AD42B9700D3B442 /* TempBackground.png in Resources */,
				B5B0046B1B59960C00A6CBB4 /* gear_icon.png in Resources */,
				B5E34CFD1B9426FB00FB6348 /* gear.png in Resources */,
				B518CA9F1ADDB647005340BA /* EventsTabBarItem.png in Resources */,
				B567933E1AC3381400558E2D /* iPhone AppIcon.png in Resources */,
				B5B0046E1B59964100A6CBB4 /* background@2x.png in Resources */,
			);
			runOnlyForDeploymentPostprocessing = 0;
		};
		B531B0271A27A3F20034CF3C /* Resources */ = {
			isa = PBXResourcesBuildPhase;
			buildActionMask = 2147483647;
			files = (
			);
			runOnlyForDeploymentPostprocessing = 0;
		};
/* End PBXResourcesBuildPhase section */

/* Begin PBXSourcesBuildPhase section */
		B531B00C1A27A3F20034CF3C /* Sources */ = {
			isa = PBXSourcesBuildPhase;
			buildActionMask = 2147483647;
			files = (
				B5EC650E1A6B88D6003F45F2 /* IntertwineManager+Friends.m in Sources */,
				B5B004631B598F8C00A6CBB4 /* FriendsTableViewController.m in Sources */,
				B54D53F21B12BD690013504A /* ITDynamicBannerViewController.m in Sources */,
				B56E434C1AD4B96700D3B442 /* ActivityViewController.m in Sources */,
				B54D53F41B12BD690013504A /* ITAddView.m in Sources */,
				B5EC650B1A6B88B0003F45F2 /* IntertwineManager.m in Sources */,
				B5C55ACD1BC4244C008CB334 /* NotificationBanner.m in Sources */,
				B572DDB51BD89E2100AC4481 /* EventObject.m in Sources */,
				63C69A571C362B01005A654C /* EventTitleView.m in Sources */,
				B59F2CA31BD8290B000265BA /* IntertwineNotification.m in Sources */,
				B5C8F35D1AD9F93E0040E1C8 /* CommentViewController.m in Sources */,
				B54D53F31B12BD690013504A /* ITMultipleBannersViewController.m in Sources */,
				63C69A541C362B01005A654C /* FriendsCollectionView.m in Sources */,
				63C69A561C362B01005A654C /* EventViewController.m in Sources */,
				63C69A551C362B01005A654C /* BlueFriendsCollectionView.m in Sources */,
				B531B01C1A27A3F20034CF3C /* ViewController.m in Sources */,
				B509BBC81A7DA642002ACE39 /* PendingRequestTableViewCell.m in Sources */,
				B54D53F11B12BD690013504A /* ITBannerTableView.m in Sources */,
				B59F2CA01BD828CA000265BA /* NotificationMenuViewController.m in Sources */,
				B5B004641B598F8C00A6CBB4 /* FriendsTableViewCell.m in Sources */,
				B5E420021A8427600054F5CF /* SendRequestTableViewCell.m in Sources */,
				B503CC641A2A2B35008F7B82 /* WebViewController.m in Sources */,
				B50903211B973E4B00D82FFC /* ActivityTableViewCell.m in Sources */,
				B59F2CA61BD82F1F000265BA /* NotificationTableViewCell.m in Sources */,
				B5C55AD41BC592D6008CB334 /* ActivityAlertView.m in Sources */,
				B58FD12F1BAAA40500C470CC /* CommentTableViewCell.m in Sources */,
				B58DA7A11AC0A983000B814E /* Friend.m in Sources */,
				B5BCC3F91BB26E06007FB816 /* ButtonBarView.m in Sources */,
				B54D53F01B12BD690013504A /* ITDynamicBannerView.m in Sources */,
				B561CB131BDE6CB600573C21 /* ActivityDetailView.m in Sources */,
				B567932F1AC1BECF00558E2D /* IntertwineManager+Events.m in Sources */,
				B572DDB81BD89E8500AC4481 /* EventCollectionViewCell.m in Sources */,
				B58FD1351BAC5E9500C470CC /* IntertwineManager+ProfileImage.m in Sources */,
				B5B0045B1B59889000A6CBB4 /* NavigationView.m in Sources */,
				B56E434F1AD4BA5800D3B442 /* IntertwineManager+Activity.m in Sources */,
				B5333E661A29A5120083E1CB /* EmailRegistrationViewController.m in Sources */,
				B531B0191A27A3F20034CF3C /* AppDelegate.m in Sources */,
				B531B0161A27A3F20034CF3C /* main.m in Sources */,
				B58FD1321BABB18900C470CC /* FriendProfileView.m in Sources */,
				B5DDC0B61BAF700B0025CD9B /* ActivityCompleteTableViewCell.m in Sources */,
				B5CBC9841A78C3A700528F54 /* SendRequestViewController.m in Sources */,
				B531B0401A27E64E0034CF3C /* FriendsViewController.m in Sources */,
				B5CD68C91BA4D47000DA3CDA /* UILabel+DynamicHeight.m in Sources */,
				B51A6A961AAC1EE3008FF64A /* SettingsViewController.m in Sources */,
				B5B0045E1B598BC600A6CBB4 /* NavigationViewController.m in Sources */,
			);
			runOnlyForDeploymentPostprocessing = 0;
		};
		B531B0251A27A3F20034CF3C /* Sources */ = {
			isa = PBXSourcesBuildPhase;
			buildActionMask = 2147483647;
			files = (
				B531B0301A27A3F20034CF3C /* Sign_OnTests.m in Sources */,
			);
			runOnlyForDeploymentPostprocessing = 0;
		};
/* End PBXSourcesBuildPhase section */

/* Begin PBXTargetDependency section */
		B531B02B1A27A3F20034CF3C /* PBXTargetDependency */ = {
			isa = PBXTargetDependency;
			target = B531B00F1A27A3F20034CF3C /* Intertwine */;
			targetProxy = B531B02A1A27A3F20034CF3C /* PBXContainerItemProxy */;
		};
/* End PBXTargetDependency section */

/* Begin PBXVariantGroup section */
		B531B01D1A27A3F20034CF3C /* Main.storyboard */ = {
			isa = PBXVariantGroup;
			children = (
				B531B01E1A27A3F20034CF3C /* Base */,
			);
			name = Main.storyboard;
			sourceTree = "<group>";
		};
		B531B0221A27A3F20034CF3C /* LaunchScreen.xib */ = {
			isa = PBXVariantGroup;
			children = (
				B531B0231A27A3F20034CF3C /* Base */,
			);
			name = LaunchScreen.xib;
			sourceTree = "<group>";
		};
/* End PBXVariantGroup section */

/* Begin XCBuildConfiguration section */
		B531B0311A27A3F20034CF3C /* Debug */ = {
			isa = XCBuildConfiguration;
			buildSettings = {
				ALWAYS_SEARCH_USER_PATHS = NO;
				CLANG_CXX_LANGUAGE_STANDARD = "gnu++0x";
				CLANG_CXX_LIBRARY = "libc++";
				CLANG_ENABLE_MODULES = YES;
				CLANG_ENABLE_OBJC_ARC = YES;
				CLANG_WARN_BOOL_CONVERSION = YES;
				CLANG_WARN_CONSTANT_CONVERSION = YES;
				CLANG_WARN_DIRECT_OBJC_ISA_USAGE = YES_ERROR;
				CLANG_WARN_EMPTY_BODY = YES;
				CLANG_WARN_ENUM_CONVERSION = YES;
				CLANG_WARN_INT_CONVERSION = YES;
				CLANG_WARN_OBJC_ROOT_CLASS = YES_ERROR;
				CLANG_WARN_UNREACHABLE_CODE = YES;
				CLANG_WARN__DUPLICATE_METHOD_MATCH = YES;
				CODE_SIGN_IDENTITY = "iPhone Developer";
				"CODE_SIGN_IDENTITY[sdk=iphoneos*]" = "";
				COPY_PHASE_STRIP = NO;
				ENABLE_BITCODE = NO;
				ENABLE_STRICT_OBJC_MSGSEND = YES;
				GCC_C_LANGUAGE_STANDARD = gnu99;
				GCC_DYNAMIC_NO_PIC = NO;
				GCC_OPTIMIZATION_LEVEL = 0;
				GCC_PREPROCESSOR_DEFINITIONS = (
					"DEBUG=1",
					"$(inherited)",
				);
				GCC_SYMBOLS_PRIVATE_EXTERN = NO;
				GCC_WARN_64_TO_32_BIT_CONVERSION = YES;
				GCC_WARN_ABOUT_RETURN_TYPE = YES_ERROR;
				GCC_WARN_UNDECLARED_SELECTOR = YES;
				GCC_WARN_UNINITIALIZED_AUTOS = YES_AGGRESSIVE;
				GCC_WARN_UNUSED_FUNCTION = YES;
				GCC_WARN_UNUSED_VARIABLE = YES;
				IPHONEOS_DEPLOYMENT_TARGET = 8.0;
				MTL_ENABLE_DEBUG_INFO = YES;
				ONLY_ACTIVE_ARCH = YES;
				PROVISIONING_PROFILE = "ff64514a-56b8-4163-8b60-c4cde600bed6";
				SDKROOT = iphoneos;
			};
			name = Debug;
		};
		B531B0321A27A3F20034CF3C /* Release */ = {
			isa = XCBuildConfiguration;
			buildSettings = {
				ALWAYS_SEARCH_USER_PATHS = NO;
				CLANG_CXX_LANGUAGE_STANDARD = "gnu++0x";
				CLANG_CXX_LIBRARY = "libc++";
				CLANG_ENABLE_MODULES = YES;
				CLANG_ENABLE_OBJC_ARC = YES;
				CLANG_WARN_BOOL_CONVERSION = YES;
				CLANG_WARN_CONSTANT_CONVERSION = YES;
				CLANG_WARN_DIRECT_OBJC_ISA_USAGE = YES_ERROR;
				CLANG_WARN_EMPTY_BODY = YES;
				CLANG_WARN_ENUM_CONVERSION = YES;
				CLANG_WARN_INT_CONVERSION = YES;
				CLANG_WARN_OBJC_ROOT_CLASS = YES_ERROR;
				CLANG_WARN_UNREACHABLE_CODE = YES;
				CLANG_WARN__DUPLICATE_METHOD_MATCH = YES;
				CODE_SIGN_IDENTITY = "iPhone Developer";
				"CODE_SIGN_IDENTITY[sdk=iphoneos*]" = "";
				COPY_PHASE_STRIP = YES;
				ENABLE_BITCODE = NO;
				ENABLE_NS_ASSERTIONS = NO;
				ENABLE_STRICT_OBJC_MSGSEND = YES;
				GCC_C_LANGUAGE_STANDARD = gnu99;
				GCC_WARN_64_TO_32_BIT_CONVERSION = YES;
				GCC_WARN_ABOUT_RETURN_TYPE = YES_ERROR;
				GCC_WARN_UNDECLARED_SELECTOR = YES;
				GCC_WARN_UNINITIALIZED_AUTOS = YES_AGGRESSIVE;
				GCC_WARN_UNUSED_FUNCTION = YES;
				GCC_WARN_UNUSED_VARIABLE = YES;
				IPHONEOS_DEPLOYMENT_TARGET = 8.0;
				MTL_ENABLE_DEBUG_INFO = NO;
				PROVISIONING_PROFILE = "ff64514a-56b8-4163-8b60-c4cde600bed6";
				SDKROOT = iphoneos;
				VALIDATE_PRODUCT = YES;
			};
			name = Release;
		};
		B531B0341A27A3F20034CF3C /* Debug */ = {
			isa = XCBuildConfiguration;
			buildSettings = {
				ASSETCATALOG_COMPILER_APPICON_NAME = AppIcon;
				CODE_SIGN_IDENTITY = "iPhone Developer";
				"CODE_SIGN_IDENTITY[sdk=iphoneos*]" = "iPhone Developer";
				FRAMEWORK_SEARCH_PATHS = (
					"$(inherited)",
					"$(PROJECT_DIR)/Sign",
					On,
					/Users/Ben/Documents/FacebookSDK,
					"$(PROJECT_DIR)",
				);
				INFOPLIST_FILE = "Sign On/Info.plist";
				LD_RUNPATH_SEARCH_PATHS = "$(inherited) @executable_path/Frameworks";
				OTHER_LDFLAGS = "-ObjC";
				PRODUCT_NAME = Intertwine;
				PROVISIONING_PROFILE = "";
			};
			name = Debug;
		};
		B531B0351A27A3F20034CF3C /* Release */ = {
			isa = XCBuildConfiguration;
			buildSettings = {
				ASSETCATALOG_COMPILER_APPICON_NAME = AppIcon;
				CODE_SIGN_IDENTITY = "iPhone Developer";
				"CODE_SIGN_IDENTITY[sdk=iphoneos*]" = "iPhone Developer";
				FRAMEWORK_SEARCH_PATHS = (
					"$(inherited)",
					"$(PROJECT_DIR)/Sign",
					On,
					/Users/Ben/Documents/FacebookSDK,
					"$(PROJECT_DIR)",
				);
				INFOPLIST_FILE = "Sign On/Info.plist";
				LD_RUNPATH_SEARCH_PATHS = "$(inherited) @executable_path/Frameworks";
				OTHER_LDFLAGS = "-ObjC";
				PRODUCT_NAME = Intertwine;
				PROVISIONING_PROFILE = "";
			};
			name = Release;
		};
		B531B0371A27A3F20034CF3C /* Debug */ = {
			isa = XCBuildConfiguration;
			buildSettings = {
				BUNDLE_LOADER = "$(TEST_HOST)";
				ENABLE_BITCODE = NO;
				FRAMEWORK_SEARCH_PATHS = (
					"$(SDKROOT)/Developer/Library/Frameworks",
					"$(inherited)",
				);
				GCC_PREPROCESSOR_DEFINITIONS = (
					"DEBUG=1",
					"$(inherited)",
				);
				INFOPLIST_FILE = "Sign OnTests/Info.plist";
				LD_RUNPATH_SEARCH_PATHS = "$(inherited) @executable_path/Frameworks @loader_path/Frameworks";
				PRODUCT_NAME = IntertwineTests;
				TEST_HOST = "$(BUILT_PRODUCTS_DIR)/Sign On.app/Sign On";
			};
			name = Debug;
		};
		B531B0381A27A3F20034CF3C /* Release */ = {
			isa = XCBuildConfiguration;
			buildSettings = {
				BUNDLE_LOADER = "$(TEST_HOST)";
				ENABLE_BITCODE = NO;
				FRAMEWORK_SEARCH_PATHS = (
					"$(SDKROOT)/Developer/Library/Frameworks",
					"$(inherited)",
				);
				INFOPLIST_FILE = "Sign OnTests/Info.plist";
				LD_RUNPATH_SEARCH_PATHS = "$(inherited) @executable_path/Frameworks @loader_path/Frameworks";
				PRODUCT_NAME = IntertwineTests;
				TEST_HOST = "$(BUILT_PRODUCTS_DIR)/Sign On.app/Sign On";
			};
			name = Release;
		};
/* End XCBuildConfiguration section */

/* Begin XCConfigurationList section */
		B531B00B1A27A3F20034CF3C /* Build configuration list for PBXProject "Intertwine" */ = {
			isa = XCConfigurationList;
			buildConfigurations = (
				B531B0311A27A3F20034CF3C /* Debug */,
				B531B0321A27A3F20034CF3C /* Release */,
			);
			defaultConfigurationIsVisible = 0;
			defaultConfigurationName = Release;
		};
		B531B0331A27A3F20034CF3C /* Build configuration list for PBXNativeTarget "Intertwine" */ = {
			isa = XCConfigurationList;
			buildConfigurations = (
				B531B0341A27A3F20034CF3C /* Debug */,
				B531B0351A27A3F20034CF3C /* Release */,
			);
			defaultConfigurationIsVisible = 0;
			defaultConfigurationName = Release;
		};
		B531B0361A27A3F20034CF3C /* Build configuration list for PBXNativeTarget "IntertwineTests" */ = {
			isa = XCConfigurationList;
			buildConfigurations = (
				B531B0371A27A3F20034CF3C /* Debug */,
				B531B0381A27A3F20034CF3C /* Release */,
			);
			defaultConfigurationIsVisible = 0;
			defaultConfigurationName = Release;
		};
/* End XCConfigurationList section */
	};
	rootObject = B531B0081A27A3F20034CF3C /* Project object */;
}
