// !$*UTF8*$!
{
	archiveVersion = 1;
	classes = {
	};
	objectVersion = 46;
	objects = {

/* Begin PBXBuildFile section */
		B503CC641A2A2B35008F7B82 /* WebViewController.m in Sources */ = {isa = PBXBuildFile; fileRef = B503CC631A2A2B35008F7B82 /* WebViewController.m */; };
		B509BBC81A7DA642002ACE39 /* PendingRequestTableViewCell.m in Sources */ = {isa = PBXBuildFile; fileRef = B509BBC71A7DA642002ACE39 /* PendingRequestTableViewCell.m */; };
		B51A6A8F1AAC14F1008FF64A /* banner.png in Resources */ = {isa = PBXBuildFile; fileRef = B51A6A8E1AAC14F1008FF64A /* banner.png */; };
		B51A6A911AAC14FE008FF64A /* blue_shadow_oval.png in Resources */ = {isa = PBXBuildFile; fileRef = B51A6A901AAC14FE008FF64A /* blue_shadow_oval.png */; };
		B51A6A931AAC1D67008FF64A /* logout.png in Resources */ = {isa = PBXBuildFile; fileRef = B51A6A921AAC1D67008FF64A /* logout.png */; };
		B51A6A961AAC1EE3008FF64A /* SettingsViewController.m in Sources */ = {isa = PBXBuildFile; fileRef = B51A6A951AAC1EE3008FF64A /* SettingsViewController.m */; };
		B531B0161A27A3F20034CF3C /* main.m in Sources */ = {isa = PBXBuildFile; fileRef = B531B0151A27A3F20034CF3C /* main.m */; };
		B531B0191A27A3F20034CF3C /* AppDelegate.m in Sources */ = {isa = PBXBuildFile; fileRef = B531B0181A27A3F20034CF3C /* AppDelegate.m */; };
		B531B01C1A27A3F20034CF3C /* ViewController.m in Sources */ = {isa = PBXBuildFile; fileRef = B531B01B1A27A3F20034CF3C /* ViewController.m */; };
		B531B01F1A27A3F20034CF3C /* Main.storyboard in Resources */ = {isa = PBXBuildFile; fileRef = B531B01D1A27A3F20034CF3C /* Main.storyboard */; };
		B531B0211A27A3F20034CF3C /* Images.xcassets in Resources */ = {isa = PBXBuildFile; fileRef = B531B0201A27A3F20034CF3C /* Images.xcassets */; };
		B531B0241A27A3F20034CF3C /* LaunchScreen.xib in Resources */ = {isa = PBXBuildFile; fileRef = B531B0221A27A3F20034CF3C /* LaunchScreen.xib */; };
		B531B0301A27A3F20034CF3C /* Sign_OnTests.m in Sources */ = {isa = PBXBuildFile; fileRef = B531B02F1A27A3F20034CF3C /* Sign_OnTests.m */; };
		B531B0401A27E64E0034CF3C /* FriendsViewController.m in Sources */ = {isa = PBXBuildFile; fileRef = B531B03F1A27E64E0034CF3C /* FriendsViewController.m */; };
		B5333E631A2984620083E1CB /* facebook-login.png in Resources */ = {isa = PBXBuildFile; fileRef = B5333E621A2984620083E1CB /* facebook-login.png */; };
		B5333E661A29A5120083E1CB /* EmailRegistrationViewController.m in Sources */ = {isa = PBXBuildFile; fileRef = B5333E651A29A5120083E1CB /* EmailRegistrationViewController.m */; };
		B5338D891A6C35D6004091D7 /* FacebookSDK.framework in Frameworks */ = {isa = PBXBuildFile; fileRef = B5338D881A6C35D6004091D7 /* FacebookSDK.framework */; };
		B543B8F31ADCA9A600D90AC5 /* CommentObject.m in Sources */ = {isa = PBXBuildFile; fileRef = B543B8F21ADCA9A600D90AC5 /* CommentObject.m */; };
		B543B8F61ADCD30700D90AC5 /* ActivityTableViewCell.m in Sources */ = {isa = PBXBuildFile; fileRef = B543B8F51ADCD30700D90AC5 /* ActivityTableViewCell.m */; };
		B54B3F9F1ABE6AEA00DCA373 /* NewEventViewController.m in Sources */ = {isa = PBXBuildFile; fileRef = B54B3F9E1ABE6AEA00DCA373 /* NewEventViewController.m */; };
		B556F5B11AA55F7D000C796C /* EventViewController.m in Sources */ = {isa = PBXBuildFile; fileRef = B556F5B01AA55F7D000C796C /* EventViewController.m */; };
		B556F5B51AA56165000C796C /* OrangeBar.png in Resources */ = {isa = PBXBuildFile; fileRef = B556F5B41AA56165000C796C /* OrangeBar.png */; };
		B556F5B71AA6B10C000C796C /* event_icon.png in Resources */ = {isa = PBXBuildFile; fileRef = B556F5B61AA6B10C000C796C /* event_icon.png */; };
		B556F5B91AA6B114000C796C /* friends_icon.png in Resources */ = {isa = PBXBuildFile; fileRef = B556F5B81AA6B114000C796C /* friends_icon.png */; };
		B556F5BB1AA6B1DB000C796C /* orange_shadow_oval.png in Resources */ = {isa = PBXBuildFile; fileRef = B556F5BA1AA6B1DB000C796C /* orange_shadow_oval.png */; };
		B556F5BD1AA6B2D2000C796C /* settings_icon.png in Resources */ = {isa = PBXBuildFile; fileRef = B556F5BC1AA6B2D2000C796C /* settings_icon.png */; };
		B567932C1AC0D59D00558E2D /* EventCollectionViewCell.m in Sources */ = {isa = PBXBuildFile; fileRef = B567932B1AC0D59D00558E2D /* EventCollectionViewCell.m */; };
		B567932F1AC1BECF00558E2D /* IntertwineManager+Events.m in Sources */ = {isa = PBXBuildFile; fileRef = B567932E1AC1BECF00558E2D /* IntertwineManager+Events.m */; };
		B56793321AC3075800558E2D /* create_event_bottom.png in Resources */ = {isa = PBXBuildFile; fileRef = B56793301AC3075800558E2D /* create_event_bottom.png */; };
		B56793331AC3075800558E2D /* create_event_top.png in Resources */ = {isa = PBXBuildFile; fileRef = B56793311AC3075800558E2D /* create_event_top.png */; };
		B56793361AC3088000558E2D /* checkmark.png in Resources */ = {isa = PBXBuildFile; fileRef = B56793341AC3088000558E2D /* checkmark.png */; };
		B56793371AC3088000558E2D /* elipses.png in Resources */ = {isa = PBXBuildFile; fileRef = B56793351AC3088000558E2D /* elipses.png */; };
		B567933E1AC3381400558E2D /* iPhone AppIcon.png in Resources */ = {isa = PBXBuildFile; fileRef = B567933C1AC3381400558E2D /* iPhone AppIcon.png */; };
		B567933F1AC3381400558E2D /* Spotlight Icon.png in Resources */ = {isa = PBXBuildFile; fileRef = B567933D1AC3381400558E2D /* Spotlight Icon.png */; };
		B56E43461AD42B9700D3B442 /* TempBackground.png in Resources */ = {isa = PBXBuildFile; fileRef = B56E43451AD42B9700D3B442 /* TempBackground.png */; };
		B56E43481AD42B9C00D3B442 /* PlusButton.png in Resources */ = {isa = PBXBuildFile; fileRef = B56E43471AD42B9C00D3B442 /* PlusButton.png */; };
		B56E434C1AD4B96700D3B442 /* ActivityViewController.m in Sources */ = {isa = PBXBuildFile; fileRef = B56E434B1AD4B96700D3B442 /* ActivityViewController.m */; };
		B56E434F1AD4BA5800D3B442 /* IntertwineManager+Activity.m in Sources */ = {isa = PBXBuildFile; fileRef = B56E434E1AD4BA5800D3B442 /* IntertwineManager+Activity.m */; };
		B58DA7A11AC0A983000B814E /* Friend.m in Sources */ = {isa = PBXBuildFile; fileRef = B58DA7A01AC0A983000B814E /* Friend.m */; };
		B58DA7A41AC0AD9D000B814E /* EventCollectionReusableView.m in Sources */ = {isa = PBXBuildFile; fileRef = B58DA7A31AC0AD9D000B814E /* EventCollectionReusableView.m */; };
		B5C8F35A1AD9CB1E0040E1C8 /* comment.png in Resources */ = {isa = PBXBuildFile; fileRef = B5C8F3591AD9CB1E0040E1C8 /* comment.png */; };
		B5C8F35D1AD9F93E0040E1C8 /* CommentViewController.m in Sources */ = {isa = PBXBuildFile; fileRef = B5C8F35C1AD9F93E0040E1C8 /* CommentViewController.m */; };
		B5C8F35F1ADA0A180040E1C8 /* DownArrow.png in Resources */ = {isa = PBXBuildFile; fileRef = B5C8F35E1ADA0A180040E1C8 /* DownArrow.png */; };
		B5CBC9841A78C3A700528F54 /* SendRequestViewController.m in Sources */ = {isa = PBXBuildFile; fileRef = B5CBC9831A78C3A700528F54 /* SendRequestViewController.m */; };
		B5E420021A8427600054F5CF /* SendRequestTableViewCell.m in Sources */ = {isa = PBXBuildFile; fileRef = B5E420011A8427600054F5CF /* SendRequestTableViewCell.m */; };
		B5EC650B1A6B88B0003F45F2 /* IntertwineManager.m in Sources */ = {isa = PBXBuildFile; fileRef = B5EC650A1A6B88B0003F45F2 /* IntertwineManager.m */; };
		B5EC650E1A6B88D6003F45F2 /* IntertwineManager+Friends.m in Sources */ = {isa = PBXBuildFile; fileRef = B5EC650D1A6B88D6003F45F2 /* IntertwineManager+Friends.m */; };
		B5FFCFC51ACC453E000AA4EB /* EventTableViewCell.m in Sources */ = {isa = PBXBuildFile; fileRef = B5FFCFC41ACC453E000AA4EB /* EventTableViewCell.m */; };
		B5FFCFC81AD0339A000AA4EB /* EventObject.m in Sources */ = {isa = PBXBuildFile; fileRef = B5FFCFC71AD0339A000AA4EB /* EventObject.m */; };
/* End PBXBuildFile section */

/* Begin PBXContainerItemProxy section */
		B531B02A1A27A3F20034CF3C /* PBXContainerItemProxy */ = {
			isa = PBXContainerItemProxy;
			containerPortal = B531B0081A27A3F20034CF3C /* Project object */;
			proxyType = 1;
			remoteGlobalIDString = B531B00F1A27A3F20034CF3C;
			remoteInfo = "Sign On";
		};
/* End PBXContainerItemProxy section */

/* Begin PBXFileReference section */
		B503CC621A2A2B35008F7B82 /* WebViewController.h */ = {isa = PBXFileReference; fileEncoding = 4; lastKnownFileType = sourcecode.c.h; path = WebViewController.h; sourceTree = "<group>"; };
		B503CC631A2A2B35008F7B82 /* WebViewController.m */ = {isa = PBXFileReference; fileEncoding = 4; lastKnownFileType = sourcecode.c.objc; path = WebViewController.m; sourceTree = "<group>"; };
		B509BBC61A7DA642002ACE39 /* PendingRequestTableViewCell.h */ = {isa = PBXFileReference; fileEncoding = 4; lastKnownFileType = sourcecode.c.h; path = PendingRequestTableViewCell.h; sourceTree = "<group>"; };
		B509BBC71A7DA642002ACE39 /* PendingRequestTableViewCell.m */ = {isa = PBXFileReference; fileEncoding = 4; lastKnownFileType = sourcecode.c.objc; path = PendingRequestTableViewCell.m; sourceTree = "<group>"; };
		B51A6A8E1AAC14F1008FF64A /* banner.png */ = {isa = PBXFileReference; lastKnownFileType = image.png; name = banner.png; path = "../../../../../Documents/Intertwine Design/banner.png"; sourceTree = "<group>"; };
		B51A6A901AAC14FE008FF64A /* blue_shadow_oval.png */ = {isa = PBXFileReference; lastKnownFileType = image.png; name = blue_shadow_oval.png; path = "../../../../../Documents/Intertwine Design/blue_shadow_oval.png"; sourceTree = "<group>"; };
		B51A6A921AAC1D67008FF64A /* logout.png */ = {isa = PBXFileReference; lastKnownFileType = image.png; name = logout.png; path = "../../../../../Documents/Intertwine Design/logout.png"; sourceTree = "<group>"; };
		B51A6A941AAC1EE3008FF64A /* SettingsViewController.h */ = {isa = PBXFileReference; fileEncoding = 4; lastKnownFileType = sourcecode.c.h; path = SettingsViewController.h; sourceTree = "<group>"; };
		B51A6A951AAC1EE3008FF64A /* SettingsViewController.m */ = {isa = PBXFileReference; fileEncoding = 4; lastKnownFileType = sourcecode.c.objc; path = SettingsViewController.m; sourceTree = "<group>"; };
		B531B0101A27A3F20034CF3C /* Intertwine.app */ = {isa = PBXFileReference; explicitFileType = wrapper.application; includeInIndex = 0; path = Intertwine.app; sourceTree = BUILT_PRODUCTS_DIR; };
		B531B0141A27A3F20034CF3C /* Info.plist */ = {isa = PBXFileReference; lastKnownFileType = text.plist.xml; path = Info.plist; sourceTree = "<group>"; };
		B531B0151A27A3F20034CF3C /* main.m */ = {isa = PBXFileReference; lastKnownFileType = sourcecode.c.objc; path = main.m; sourceTree = "<group>"; };
		B531B0171A27A3F20034CF3C /* AppDelegate.h */ = {isa = PBXFileReference; lastKnownFileType = sourcecode.c.h; path = AppDelegate.h; sourceTree = "<group>"; };
		B531B0181A27A3F20034CF3C /* AppDelegate.m */ = {isa = PBXFileReference; lastKnownFileType = sourcecode.c.objc; path = AppDelegate.m; sourceTree = "<group>"; };
		B531B01A1A27A3F20034CF3C /* ViewController.h */ = {isa = PBXFileReference; lastKnownFileType = sourcecode.c.h; path = ViewController.h; sourceTree = "<group>"; };
		B531B01B1A27A3F20034CF3C /* ViewController.m */ = {isa = PBXFileReference; lastKnownFileType = sourcecode.c.objc; path = ViewController.m; sourceTree = "<group>"; };
		B531B01E1A27A3F20034CF3C /* Base */ = {isa = PBXFileReference; lastKnownFileType = file.storyboard; name = Base; path = Base.lproj/Main.storyboard; sourceTree = "<group>"; };
		B531B0201A27A3F20034CF3C /* Images.xcassets */ = {isa = PBXFileReference; lastKnownFileType = folder.assetcatalog; path = Images.xcassets; sourceTree = "<group>"; };
		B531B0231A27A3F20034CF3C /* Base */ = {isa = PBXFileReference; lastKnownFileType = file.xib; name = Base; path = Base.lproj/LaunchScreen.xib; sourceTree = "<group>"; };
		B531B0291A27A3F20034CF3C /* IntertwineTests.xctest */ = {isa = PBXFileReference; explicitFileType = wrapper.cfbundle; includeInIndex = 0; path = IntertwineTests.xctest; sourceTree = BUILT_PRODUCTS_DIR; };
		B531B02E1A27A3F20034CF3C /* Info.plist */ = {isa = PBXFileReference; lastKnownFileType = text.plist.xml; path = Info.plist; sourceTree = "<group>"; };
		B531B02F1A27A3F20034CF3C /* Sign_OnTests.m */ = {isa = PBXFileReference; lastKnownFileType = sourcecode.c.objc; path = Sign_OnTests.m; sourceTree = "<group>"; };
		B531B03E1A27E64E0034CF3C /* FriendsViewController.h */ = {isa = PBXFileReference; fileEncoding = 4; lastKnownFileType = sourcecode.c.h; path = FriendsViewController.h; sourceTree = "<group>"; };
		B531B03F1A27E64E0034CF3C /* FriendsViewController.m */ = {isa = PBXFileReference; fileEncoding = 4; lastKnownFileType = sourcecode.c.objc; path = FriendsViewController.m; sourceTree = "<group>"; };
		B5333E621A2984620083E1CB /* facebook-login.png */ = {isa = PBXFileReference; lastKnownFileType = image.png; path = "facebook-login.png"; sourceTree = "<group>"; };
		B5333E641A29A5120083E1CB /* EmailRegistrationViewController.h */ = {isa = PBXFileReference; fileEncoding = 4; lastKnownFileType = sourcecode.c.h; path = EmailRegistrationViewController.h; sourceTree = "<group>"; };
		B5333E651A29A5120083E1CB /* EmailRegistrationViewController.m */ = {isa = PBXFileReference; fileEncoding = 4; lastKnownFileType = sourcecode.c.objc; path = EmailRegistrationViewController.m; sourceTree = "<group>"; };
		B5338D881A6C35D6004091D7 /* FacebookSDK.framework */ = {isa = PBXFileReference; lastKnownFileType = wrapper.framework; path = FacebookSDK.framework; sourceTree = "<group>"; };
		B543B8F11ADCA9A600D90AC5 /* CommentObject.h */ = {isa = PBXFileReference; fileEncoding = 4; lastKnownFileType = sourcecode.c.h; path = CommentObject.h; sourceTree = "<group>"; };
		B543B8F21ADCA9A600D90AC5 /* CommentObject.m */ = {isa = PBXFileReference; fileEncoding = 4; lastKnownFileType = sourcecode.c.objc; path = CommentObject.m; sourceTree = "<group>"; };
		B543B8F41ADCD30700D90AC5 /* ActivityTableViewCell.h */ = {isa = PBXFileReference; fileEncoding = 4; lastKnownFileType = sourcecode.c.h; path = ActivityTableViewCell.h; sourceTree = "<group>"; };
		B543B8F51ADCD30700D90AC5 /* ActivityTableViewCell.m */ = {isa = PBXFileReference; fileEncoding = 4; lastKnownFileType = sourcecode.c.objc; path = ActivityTableViewCell.m; sourceTree = "<group>"; };
		B54B3F9D1ABE6AEA00DCA373 /* NewEventViewController.h */ = {isa = PBXFileReference; fileEncoding = 4; lastKnownFileType = sourcecode.c.h; path = NewEventViewController.h; sourceTree = "<group>"; };
		B54B3F9E1ABE6AEA00DCA373 /* NewEventViewController.m */ = {isa = PBXFileReference; fileEncoding = 4; lastKnownFileType = sourcecode.c.objc; path = NewEventViewController.m; sourceTree = "<group>"; };
		B556F5AF1AA55F7D000C796C /* EventViewController.h */ = {isa = PBXFileReference; fileEncoding = 4; lastKnownFileType = sourcecode.c.h; path = EventViewController.h; sourceTree = "<group>"; };
		B556F5B01AA55F7D000C796C /* EventViewController.m */ = {isa = PBXFileReference; fileEncoding = 4; lastKnownFileType = sourcecode.c.objc; path = EventViewController.m; sourceTree = "<group>"; };
		B556F5B41AA56165000C796C /* OrangeBar.png */ = {isa = PBXFileReference; lastKnownFileType = image.png; path = OrangeBar.png; sourceTree = "<group>"; };
		B556F5B61AA6B10C000C796C /* event_icon.png */ = {isa = PBXFileReference; lastKnownFileType = image.png; path = event_icon.png; sourceTree = "<group>"; };
		B556F5B81AA6B114000C796C /* friends_icon.png */ = {isa = PBXFileReference; lastKnownFileType = image.png; path = friends_icon.png; sourceTree = "<group>"; };
		B556F5BA1AA6B1DB000C796C /* orange_shadow_oval.png */ = {isa = PBXFileReference; lastKnownFileType = image.png; path = orange_shadow_oval.png; sourceTree = "<group>"; };
		B556F5BC1AA6B2D2000C796C /* settings_icon.png */ = {isa = PBXFileReference; lastKnownFileType = image.png; path = settings_icon.png; sourceTree = "<group>"; };
		B567932A1AC0D59D00558E2D /* EventCollectionViewCell.h */ = {isa = PBXFileReference; fileEncoding = 4; lastKnownFileType = sourcecode.c.h; path = EventCollectionViewCell.h; sourceTree = "<group>"; };
		B567932B1AC0D59D00558E2D /* EventCollectionViewCell.m */ = {isa = PBXFileReference; fileEncoding = 4; lastKnownFileType = sourcecode.c.objc; path = EventCollectionViewCell.m; sourceTree = "<group>"; };
		B567932D1AC1BECF00558E2D /* IntertwineManager+Events.h */ = {isa = PBXFileReference; fileEncoding = 4; lastKnownFileType = sourcecode.c.h; path = "IntertwineManager+Events.h"; sourceTree = "<group>"; };
		B567932E1AC1BECF00558E2D /* IntertwineManager+Events.m */ = {isa = PBXFileReference; fileEncoding = 4; lastKnownFileType = sourcecode.c.objc; path = "IntertwineManager+Events.m"; sourceTree = "<group>"; };
		B56793301AC3075800558E2D /* create_event_bottom.png */ = {isa = PBXFileReference; lastKnownFileType = image.png; path = create_event_bottom.png; sourceTree = "<group>"; };
		B56793311AC3075800558E2D /* create_event_top.png */ = {isa = PBXFileReference; lastKnownFileType = image.png; path = create_event_top.png; sourceTree = "<group>"; };
		B56793341AC3088000558E2D /* checkmark.png */ = {isa = PBXFileReference; lastKnownFileType = image.png; path = checkmark.png; sourceTree = "<group>"; };
		B56793351AC3088000558E2D /* elipses.png */ = {isa = PBXFileReference; lastKnownFileType = image.png; path = elipses.png; sourceTree = "<group>"; };
		B567933C1AC3381400558E2D /* iPhone AppIcon.png */ = {isa = PBXFileReference; lastKnownFileType = image.png; path = "iPhone AppIcon.png"; sourceTree = "<group>"; };
		B567933D1AC3381400558E2D /* Spotlight Icon.png */ = {isa = PBXFileReference; lastKnownFileType = image.png; path = "Spotlight Icon.png"; sourceTree = "<group>"; };
		B56E43451AD42B9700D3B442 /* TempBackground.png */ = {isa = PBXFileReference; lastKnownFileType = image.png; path = TempBackground.png; sourceTree = "<group>"; };
		B56E43471AD42B9C00D3B442 /* PlusButton.png */ = {isa = PBXFileReference; lastKnownFileType = image.png; path = PlusButton.png; sourceTree = "<group>"; };
		B56E434A1AD4B96700D3B442 /* ActivityViewController.h */ = {isa = PBXFileReference; fileEncoding = 4; lastKnownFileType = sourcecode.c.h; path = ActivityViewController.h; sourceTree = "<group>"; };
		B56E434B1AD4B96700D3B442 /* ActivityViewController.m */ = {isa = PBXFileReference; fileEncoding = 4; lastKnownFileType = sourcecode.c.objc; path = ActivityViewController.m; sourceTree = "<group>"; };
		B56E434D1AD4BA5800D3B442 /* IntertwineManager+Activity.h */ = {isa = PBXFileReference; fileEncoding = 4; lastKnownFileType = sourcecode.c.h; path = "IntertwineManager+Activity.h"; sourceTree = "<group>"; };
		B56E434E1AD4BA5800D3B442 /* IntertwineManager+Activity.m */ = {isa = PBXFileReference; fileEncoding = 4; lastKnownFileType = sourcecode.c.objc; path = "IntertwineManager+Activity.m"; sourceTree = "<group>"; };
		B58DA79F1AC0A983000B814E /* Friend.h */ = {isa = PBXFileReference; fileEncoding = 4; lastKnownFileType = sourcecode.c.h; path = Friend.h; sourceTree = "<group>"; };
		B58DA7A01AC0A983000B814E /* Friend.m */ = {isa = PBXFileReference; fileEncoding = 4; lastKnownFileType = sourcecode.c.objc; path = Friend.m; sourceTree = "<group>"; };
		B58DA7A21AC0AD9D000B814E /* EventCollectionReusableView.h */ = {isa = PBXFileReference; fileEncoding = 4; lastKnownFileType = sourcecode.c.h; path = EventCollectionReusableView.h; sourceTree = "<group>"; };
		B58DA7A31AC0AD9D000B814E /* EventCollectionReusableView.m */ = {isa = PBXFileReference; fileEncoding = 4; lastKnownFileType = sourcecode.c.objc; path = EventCollectionReusableView.m; sourceTree = "<group>"; };
		B5C8F3591AD9CB1E0040E1C8 /* comment.png */ = {isa = PBXFileReference; lastKnownFileType = image.png; path = comment.png; sourceTree = "<group>"; };
		B5C8F35B1AD9F93E0040E1C8 /* CommentViewController.h */ = {isa = PBXFileReference; fileEncoding = 4; lastKnownFileType = sourcecode.c.h; path = CommentViewController.h; sourceTree = "<group>"; };
		B5C8F35C1AD9F93E0040E1C8 /* CommentViewController.m */ = {isa = PBXFileReference; fileEncoding = 4; lastKnownFileType = sourcecode.c.objc; path = CommentViewController.m; sourceTree = "<group>"; };
		B5C8F35E1ADA0A180040E1C8 /* DownArrow.png */ = {isa = PBXFileReference; lastKnownFileType = image.png; path = DownArrow.png; sourceTree = "<group>"; };
		B5CBC9821A78C3A700528F54 /* SendRequestViewController.h */ = {isa = PBXFileReference; fileEncoding = 4; lastKnownFileType = sourcecode.c.h; path = SendRequestViewController.h; sourceTree = "<group>"; };
		B5CBC9831A78C3A700528F54 /* SendRequestViewController.m */ = {isa = PBXFileReference; fileEncoding = 4; lastKnownFileType = sourcecode.c.objc; path = SendRequestViewController.m; sourceTree = "<group>"; };
		B5E420001A8427600054F5CF /* SendRequestTableViewCell.h */ = {isa = PBXFileReference; fileEncoding = 4; lastKnownFileType = sourcecode.c.h; path = SendRequestTableViewCell.h; sourceTree = "<group>"; };
		B5E420011A8427600054F5CF /* SendRequestTableViewCell.m */ = {isa = PBXFileReference; fileEncoding = 4; lastKnownFileType = sourcecode.c.objc; path = SendRequestTableViewCell.m; sourceTree = "<group>"; };
		B5EC65091A6B88B0003F45F2 /* IntertwineManager.h */ = {isa = PBXFileReference; fileEncoding = 4; lastKnownFileType = sourcecode.c.h; path = IntertwineManager.h; sourceTree = "<group>"; };
		B5EC650A1A6B88B0003F45F2 /* IntertwineManager.m */ = {isa = PBXFileReference; fileEncoding = 4; lastKnownFileType = sourcecode.c.objc; path = IntertwineManager.m; sourceTree = "<group>"; };
		B5EC650D1A6B88D6003F45F2 /* IntertwineManager+Friends.m */ = {isa = PBXFileReference; fileEncoding = 4; lastKnownFileType = sourcecode.c.objc; path = "IntertwineManager+Friends.m"; sourceTree = "<group>"; };
		B5EC650F1A6BA327003F45F2 /* IntertwineManager+Friends.h */ = {isa = PBXFileReference; fileEncoding = 4; lastKnownFileType = sourcecode.c.h; path = "IntertwineManager+Friends.h"; sourceTree = "<group>"; };
		B5FFCFC31ACC453E000AA4EB /* EventTableViewCell.h */ = {isa = PBXFileReference; fileEncoding = 4; lastKnownFileType = sourcecode.c.h; path = EventTableViewCell.h; sourceTree = "<group>"; };
		B5FFCFC41ACC453E000AA4EB /* EventTableViewCell.m */ = {isa = PBXFileReference; fileEncoding = 4; lastKnownFileType = sourcecode.c.objc; path = EventTableViewCell.m; sourceTree = "<group>"; };
		B5FFCFC61AD0339A000AA4EB /* EventObject.h */ = {isa = PBXFileReference; fileEncoding = 4; lastKnownFileType = sourcecode.c.h; path = EventObject.h; sourceTree = "<group>"; };
		B5FFCFC71AD0339A000AA4EB /* EventObject.m */ = {isa = PBXFileReference; fileEncoding = 4; lastKnownFileType = sourcecode.c.objc; path = EventObject.m; sourceTree = "<group>"; };
/* End PBXFileReference section */

/* Begin PBXFrameworksBuildPhase section */
		B531B00D1A27A3F20034CF3C /* Frameworks */ = {
			isa = PBXFrameworksBuildPhase;
			buildActionMask = 2147483647;
			files = (
				B5338D891A6C35D6004091D7 /* FacebookSDK.framework in Frameworks */,
			);
			runOnlyForDeploymentPostprocessing = 0;
		};
		B531B0261A27A3F20034CF3C /* Frameworks */ = {
			isa = PBXFrameworksBuildPhase;
			buildActionMask = 2147483647;
			files = (
			);
			runOnlyForDeploymentPostprocessing = 0;
		};
/* End PBXFrameworksBuildPhase section */

/* Begin PBXGroup section */
		B509BBC51A7DA61A002ACE39 /* Tableview Cells */ = {
			isa = PBXGroup;
			children = (
				B509BBC61A7DA642002ACE39 /* PendingRequestTableViewCell.h */,
				B509BBC71A7DA642002ACE39 /* PendingRequestTableViewCell.m */,
				B5E420001A8427600054F5CF /* SendRequestTableViewCell.h */,
				B5E420011A8427600054F5CF /* SendRequestTableViewCell.m */,
			);
			name = "Tableview Cells";
			sourceTree = "<group>";
		};
		B531B0071A27A3F20034CF3C = {
			isa = PBXGroup;
			children = (
				B5338D881A6C35D6004091D7 /* FacebookSDK.framework */,
				B5EC65091A6B88B0003F45F2 /* IntertwineManager.h */,
				B5EC650A1A6B88B0003F45F2 /* IntertwineManager.m */,
				B56E43491AD4B93200D3B442 /* Activity */,
				B54B3F9C1ABE696A00DCA373 /* Events */,
				B556F5B21AA55FC4000C796C /* To Split Up */,
				B509BBC51A7DA61A002ACE39 /* Tableview Cells */,
				B5EC65081A6B885E003F45F2 /* Friends */,
				B556F5B31AA55FEA000C796C /* Sign-up */,
				B531B0121A27A3F20034CF3C /* Sign On */,
				B531B02C1A27A3F20034CF3C /* Sign OnTests */,
				B531B0111A27A3F20034CF3C /* Products */,
			);
			sourceTree = "<group>";
		};
		B531B0111A27A3F20034CF3C /* Products */ = {
			isa = PBXGroup;
			children = (
				B531B0101A27A3F20034CF3C /* Intertwine.app */,
				B531B0291A27A3F20034CF3C /* IntertwineTests.xctest */,
			);
			name = Products;
			sourceTree = "<group>";
		};
		B531B0121A27A3F20034CF3C /* Sign On */ = {
			isa = PBXGroup;
			children = (
				B531B0171A27A3F20034CF3C /* AppDelegate.h */,
				B531B0181A27A3F20034CF3C /* AppDelegate.m */,
				B531B01A1A27A3F20034CF3C /* ViewController.h */,
				B531B01B1A27A3F20034CF3C /* ViewController.m */,
				B531B01D1A27A3F20034CF3C /* Main.storyboard */,
				B531B0201A27A3F20034CF3C /* Images.xcassets */,
				B531B0221A27A3F20034CF3C /* LaunchScreen.xib */,
				B531B0131A27A3F20034CF3C /* Supporting Files */,
			);
			path = "Sign On";
			sourceTree = "<group>";
		};
		B531B0131A27A3F20034CF3C /* Supporting Files */ = {
			isa = PBXGroup;
			children = (
				B5C8F35E1ADA0A180040E1C8 /* DownArrow.png */,
				B5C8F3591AD9CB1E0040E1C8 /* comment.png */,
				B56E43471AD42B9C00D3B442 /* PlusButton.png */,
				B56E43451AD42B9700D3B442 /* TempBackground.png */,
				B567933C1AC3381400558E2D /* iPhone AppIcon.png */,
				B567933D1AC3381400558E2D /* Spotlight Icon.png */,
				B56793341AC3088000558E2D /* checkmark.png */,
				B56793351AC3088000558E2D /* elipses.png */,
				B56793301AC3075800558E2D /* create_event_bottom.png */,
				B56793311AC3075800558E2D /* create_event_top.png */,
				B51A6A921AAC1D67008FF64A /* logout.png */,
				B51A6A8E1AAC14F1008FF64A /* banner.png */,
				B51A6A901AAC14FE008FF64A /* blue_shadow_oval.png */,
				B556F5BC1AA6B2D2000C796C /* settings_icon.png */,
				B556F5B61AA6B10C000C796C /* event_icon.png */,
				B556F5B81AA6B114000C796C /* friends_icon.png */,
				B556F5BA1AA6B1DB000C796C /* orange_shadow_oval.png */,
				B5333E621A2984620083E1CB /* facebook-login.png */,
				B556F5B41AA56165000C796C /* OrangeBar.png */,
				B531B0141A27A3F20034CF3C /* Info.plist */,
				B531B0151A27A3F20034CF3C /* main.m */,
			);
			name = "Supporting Files";
			sourceTree = "<group>";
		};
		B531B02C1A27A3F20034CF3C /* Sign OnTests */ = {
			isa = PBXGroup;
			children = (
				B531B02F1A27A3F20034CF3C /* Sign_OnTests.m */,
				B531B02D1A27A3F20034CF3C /* Supporting Files */,
			);
			path = "Sign OnTests";
			sourceTree = "<group>";
		};
		B531B02D1A27A3F20034CF3C /* Supporting Files */ = {
			isa = PBXGroup;
			children = (
				B531B02E1A27A3F20034CF3C /* Info.plist */,
			);
			name = "Supporting Files";
			sourceTree = "<group>";
		};
		B54B3F9C1ABE696A00DCA373 /* Events */ = {
			isa = PBXGroup;
			children = (
				B567932D1AC1BECF00558E2D /* IntertwineManager+Events.h */,
				B567932E1AC1BECF00558E2D /* IntertwineManager+Events.m */,
				B54B3F9D1ABE6AEA00DCA373 /* NewEventViewController.h */,
				B54B3F9E1ABE6AEA00DCA373 /* NewEventViewController.m */,
				B567932A1AC0D59D00558E2D /* EventCollectionViewCell.h */,
				B567932B1AC0D59D00558E2D /* EventCollectionViewCell.m */,
				B58DA7A21AC0AD9D000B814E /* EventCollectionReusableView.h */,
				B58DA7A31AC0AD9D000B814E /* EventCollectionReusableView.m */,
				B5FFCFC31ACC453E000AA4EB /* EventTableViewCell.h */,
				B5FFCFC41ACC453E000AA4EB /* EventTableViewCell.m */,
				B5FFCFC61AD0339A000AA4EB /* EventObject.h */,
				B5FFCFC71AD0339A000AA4EB /* EventObject.m */,
			);
			name = Events;
			sourceTree = "<group>";
		};
		B556F5B21AA55FC4000C796C /* To Split Up */ = {
			isa = PBXGroup;
			children = (
				B556F5AF1AA55F7D000C796C /* EventViewController.h */,
				B556F5B01AA55F7D000C796C /* EventViewController.m */,
				B543B8F11ADCA9A600D90AC5 /* CommentObject.h */,
				B543B8F21ADCA9A600D90AC5 /* CommentObject.m */,
				B5C8F35B1AD9F93E0040E1C8 /* CommentViewController.h */,
				B5C8F35C1AD9F93E0040E1C8 /* CommentViewController.m */,
				B51A6A941AAC1EE3008FF64A /* SettingsViewController.h */,
				B51A6A951AAC1EE3008FF64A /* SettingsViewController.m */,
			);
			name = "To Split Up";
			sourceTree = "<group>";
		};
		B556F5B31AA55FEA000C796C /* Sign-up */ = {
			isa = PBXGroup;
			children = (
				B5333E641A29A5120083E1CB /* EmailRegistrationViewController.h */,
				B5333E651A29A5120083E1CB /* EmailRegistrationViewController.m */,
				B503CC621A2A2B35008F7B82 /* WebViewController.h */,
				B503CC631A2A2B35008F7B82 /* WebViewController.m */,
			);
			name = "Sign-up";
			path = "Sign On";
			sourceTree = "<group>";
		};
		B56E43491AD4B93200D3B442 /* Activity */ = {
			isa = PBXGroup;
			children = (
				B543B8F41ADCD30700D90AC5 /* ActivityTableViewCell.h */,
				B543B8F51ADCD30700D90AC5 /* ActivityTableViewCell.m */,
				B56E434A1AD4B96700D3B442 /* ActivityViewController.h */,
				B56E434B1AD4B96700D3B442 /* ActivityViewController.m */,
				B56E434D1AD4BA5800D3B442 /* IntertwineManager+Activity.h */,
				B56E434E1AD4BA5800D3B442 /* IntertwineManager+Activity.m */,
			);
			name = Activity;
			sourceTree = "<group>";
		};
		B5EC65081A6B885E003F45F2 /* Friends */ = {
			isa = PBXGroup;
			children = (
				B58DA79F1AC0A983000B814E /* Friend.h */,
				B58DA7A01AC0A983000B814E /* Friend.m */,
				B5EC650F1A6BA327003F45F2 /* IntertwineManager+Friends.h */,
				B5EC650D1A6B88D6003F45F2 /* IntertwineManager+Friends.m */,
				B531B03E1A27E64E0034CF3C /* FriendsViewController.h */,
				B531B03F1A27E64E0034CF3C /* FriendsViewController.m */,
				B5CBC9821A78C3A700528F54 /* SendRequestViewController.h */,
				B5CBC9831A78C3A700528F54 /* SendRequestViewController.m */,
			);
			name = Friends;
			sourceTree = "<group>";
		};
/* End PBXGroup section */

/* Begin PBXNativeTarget section */
		B531B00F1A27A3F20034CF3C /* Intertwine */ = {
			isa = PBXNativeTarget;
			buildConfigurationList = B531B0331A27A3F20034CF3C /* Build configuration list for PBXNativeTarget "Intertwine" */;
			buildPhases = (
				B531B00C1A27A3F20034CF3C /* Sources */,
				B531B00D1A27A3F20034CF3C /* Frameworks */,
				B531B00E1A27A3F20034CF3C /* Resources */,
			);
			buildRules = (
			);
			dependencies = (
			);
			name = Intertwine;
			productName = "Sign On";
			productReference = B531B0101A27A3F20034CF3C /* Intertwine.app */;
			productType = "com.apple.product-type.application";
		};
		B531B0281A27A3F20034CF3C /* IntertwineTests */ = {
			isa = PBXNativeTarget;
			buildConfigurationList = B531B0361A27A3F20034CF3C /* Build configuration list for PBXNativeTarget "IntertwineTests" */;
			buildPhases = (
				B531B0251A27A3F20034CF3C /* Sources */,
				B531B0261A27A3F20034CF3C /* Frameworks */,
				B531B0271A27A3F20034CF3C /* Resources */,
			);
			buildRules = (
			);
			dependencies = (
				B531B02B1A27A3F20034CF3C /* PBXTargetDependency */,
			);
			name = IntertwineTests;
			productName = "Sign OnTests";
			productReference = B531B0291A27A3F20034CF3C /* IntertwineTests.xctest */;
			productType = "com.apple.product-type.bundle.unit-test";
		};
/* End PBXNativeTarget section */

/* Begin PBXProject section */
		B531B0081A27A3F20034CF3C /* Project object */ = {
			isa = PBXProject;
			attributes = {
				LastUpgradeCheck = 0610;
				ORGANIZATIONNAME = Intertwine;
				TargetAttributes = {
					B531B00F1A27A3F20034CF3C = {
						CreatedOnToolsVersion = 6.1;
					};
					B531B0281A27A3F20034CF3C = {
						CreatedOnToolsVersion = 6.1;
						TestTargetID = B531B00F1A27A3F20034CF3C;
					};
				};
			};
			buildConfigurationList = B531B00B1A27A3F20034CF3C /* Build configuration list for PBXProject "Intertwine" */;
			compatibilityVersion = "Xcode 3.2";
			developmentRegion = English;
			hasScannedForEncodings = 0;
			knownRegions = (
				en,
				Base,
				he,
			);
			mainGroup = B531B0071A27A3F20034CF3C;
			productRefGroup = B531B0111A27A3F20034CF3C /* Products */;
			projectDirPath = "";
			projectRoot = "";
			targets = (
				B531B00F1A27A3F20034CF3C /* Intertwine */,
				B531B0281A27A3F20034CF3C /* IntertwineTests */,
			);
		};
/* End PBXProject section */

/* Begin PBXResourcesBuildPhase section */
		B531B00E1A27A3F20034CF3C /* Resources */ = {
			isa = PBXResourcesBuildPhase;
			buildActionMask = 2147483647;
			files = (
				B567933F1AC3381400558E2D /* Spotlight Icon.png in Resources */,
				B56793331AC3075800558E2D /* create_event_top.png in Resources */,
				B556F5B51AA56165000C796C /* OrangeBar.png in Resources */,
				B556F5B71AA6B10C000C796C /* event_icon.png in Resources */,
				B56793371AC3088000558E2D /* elipses.png in Resources */,
				B56793321AC3075800558E2D /* create_event_bottom.png in Resources */,
				B531B01F1A27A3F20034CF3C /* Main.storyboard in Resources */,
				B556F5BB1AA6B1DB000C796C /* orange_shadow_oval.png in Resources */,
				B51A6A911AAC14FE008FF64A /* blue_shadow_oval.png in Resources */,
				B556F5BD1AA6B2D2000C796C /* settings_icon.png in Resources */,
				B556F5B91AA6B114000C796C /* friends_icon.png in Resources */,
				B5333E631A2984620083E1CB /* facebook-login.png in Resources */,
				B531B0241A27A3F20034CF3C /* LaunchScreen.xib in Resources */,
				B5C8F35F1ADA0A180040E1C8 /* DownArrow.png in Resources */,
				B5C8F35A1AD9CB1E0040E1C8 /* comment.png in Resources */,
				B56E43481AD42B9C00D3B442 /* PlusButton.png in Resources */,
				B56793361AC3088000558E2D /* checkmark.png in Resources */,
				B531B0211A27A3F20034CF3C /* Images.xcassets in Resources */,
				B51A6A8F1AAC14F1008FF64A /* banner.png in Resources */,
				B56E43461AD42B9700D3B442 /* TempBackground.png in Resources */,
				B567933E1AC3381400558E2D /* iPhone AppIcon.png in Resources */,
				B51A6A931AAC1D67008FF64A /* logout.png in Resources */,
			);
			runOnlyForDeploymentPostprocessing = 0;
		};
		B531B0271A27A3F20034CF3C /* Resources */ = {
			isa = PBXResourcesBuildPhase;
			buildActionMask = 2147483647;
			files = (
			);
			runOnlyForDeploymentPostprocessing = 0;
		};
/* End PBXResourcesBuildPhase section */

/* Begin PBXSourcesBuildPhase section */
		B531B00C1A27A3F20034CF3C /* Sources */ = {
			isa = PBXSourcesBuildPhase;
			buildActionMask = 2147483647;
			files = (
				B5EC650E1A6B88D6003F45F2 /* IntertwineManager+Friends.m in Sources */,
				B56E434C1AD4B96700D3B442 /* ActivityViewController.m in Sources */,
				B5EC650B1A6B88B0003F45F2 /* IntertwineManager.m in Sources */,
				B5C8F35D1AD9F93E0040E1C8 /* CommentViewController.m in Sources */,
				B543B8F31ADCA9A600D90AC5 /* CommentObject.m in Sources */,
				B531B01C1A27A3F20034CF3C /* ViewController.m in Sources */,
				B509BBC81A7DA642002ACE39 /* PendingRequestTableViewCell.m in Sources */,
				B58DA7A41AC0AD9D000B814E /* EventCollectionReusableView.m in Sources */,
				B5FFCFC51ACC453E000AA4EB /* EventTableViewCell.m in Sources */,
				B5E420021A8427600054F5CF /* SendRequestTableViewCell.m in Sources */,
				B503CC641A2A2B35008F7B82 /* WebViewController.m in Sources */,
				B58DA7A11AC0A983000B814E /* Friend.m in Sources */,
				B5FFCFC81AD0339A000AA4EB /* EventObject.m in Sources */,
				B54B3F9F1ABE6AEA00DCA373 /* NewEventViewController.m in Sources */,
				B543B8F61ADCD30700D90AC5 /* ActivityTableViewCell.m in Sources */,
				B567932F1AC1BECF00558E2D /* IntertwineManager+Events.m in Sources */,
				B56E434F1AD4BA5800D3B442 /* IntertwineManager+Activity.m in Sources */,
				B567932C1AC0D59D00558E2D /* EventCollectionViewCell.m in Sources */,
				B5333E661A29A5120083E1CB /* EmailRegistrationViewController.m in Sources */,
				B531B0191A27A3F20034CF3C /* AppDelegate.m in Sources */,
				B531B0161A27A3F20034CF3C /* main.m in Sources */,
				B556F5B11AA55F7D000C796C /* EventViewController.m in Sources */,
				B5CBC9841A78C3A700528F54 /* SendRequestViewController.m in Sources */,
				B531B0401A27E64E0034CF3C /* FriendsViewController.m in Sources */,
				B51A6A961AAC1EE3008FF64A /* SettingsViewController.m in Sources */,
			);
			runOnlyForDeploymentPostprocessing = 0;
		};
		B531B0251A27A3F20034CF3C /* Sources */ = {
			isa = PBXSourcesBuildPhase;
			buildActionMask = 2147483647;
			files = (
				B531B0301A27A3F20034CF3C /* Sign_OnTests.m in Sources */,
			);
			runOnlyForDeploymentPostprocessing = 0;
		};
/* End PBXSourcesBuildPhase section */

/* Begin PBXTargetDependency section */
		B531B02B1A27A3F20034CF3C /* PBXTargetDependency */ = {
			isa = PBXTargetDependency;
			target = B531B00F1A27A3F20034CF3C /* Intertwine */;
			targetProxy = B531B02A1A27A3F20034CF3C /* PBXContainerItemProxy */;
		};
/* End PBXTargetDependency section */

/* Begin PBXVariantGroup section */
		B531B01D1A27A3F20034CF3C /* Main.storyboard */ = {
			isa = PBXVariantGroup;
			children = (
				B531B01E1A27A3F20034CF3C /* Base */,
			);
			name = Main.storyboard;
			sourceTree = "<group>";
		};
		B531B0221A27A3F20034CF3C /* LaunchScreen.xib */ = {
			isa = PBXVariantGroup;
			children = (
				B531B0231A27A3F20034CF3C /* Base */,
			);
			name = LaunchScreen.xib;
			sourceTree = "<group>";
		};
/* End PBXVariantGroup section */

/* Begin XCBuildConfiguration section */
		B531B0311A27A3F20034CF3C /* Debug */ = {
			isa = XCBuildConfiguration;
			buildSettings = {
				ALWAYS_SEARCH_USER_PATHS = NO;
				CLANG_CXX_LANGUAGE_STANDARD = "gnu++0x";
				CLANG_CXX_LIBRARY = "libc++";
				CLANG_ENABLE_MODULES = YES;
				CLANG_ENABLE_OBJC_ARC = YES;
				CLANG_WARN_BOOL_CONVERSION = YES;
				CLANG_WARN_CONSTANT_CONVERSION = YES;
				CLANG_WARN_DIRECT_OBJC_ISA_USAGE = YES_ERROR;
				CLANG_WARN_EMPTY_BODY = YES;
				CLANG_WARN_ENUM_CONVERSION = YES;
				CLANG_WARN_INT_CONVERSION = YES;
				CLANG_WARN_OBJC_ROOT_CLASS = YES_ERROR;
				CLANG_WARN_UNREACHABLE_CODE = YES;
				CLANG_WARN__DUPLICATE_METHOD_MATCH = YES;
				"CODE_SIGN_IDENTITY[sdk=iphoneos*]" = "iPhone Developer";
				COPY_PHASE_STRIP = NO;
				ENABLE_STRICT_OBJC_MSGSEND = YES;
				GCC_C_LANGUAGE_STANDARD = gnu99;
				GCC_DYNAMIC_NO_PIC = NO;
				GCC_OPTIMIZATION_LEVEL = 0;
				GCC_PREPROCESSOR_DEFINITIONS = (
					"DEBUG=1",
					"$(inherited)",
				);
				GCC_SYMBOLS_PRIVATE_EXTERN = NO;
				GCC_WARN_64_TO_32_BIT_CONVERSION = YES;
				GCC_WARN_ABOUT_RETURN_TYPE = YES_ERROR;
				GCC_WARN_UNDECLARED_SELECTOR = YES;
				GCC_WARN_UNINITIALIZED_AUTOS = YES_AGGRESSIVE;
				GCC_WARN_UNUSED_FUNCTION = YES;
				GCC_WARN_UNUSED_VARIABLE = YES;
				IPHONEOS_DEPLOYMENT_TARGET = 8.1;
				MTL_ENABLE_DEBUG_INFO = YES;
				ONLY_ACTIVE_ARCH = YES;
				SDKROOT = iphoneos;
			};
			name = Debug;
		};
		B531B0321A27A3F20034CF3C /* Release */ = {
			isa = XCBuildConfiguration;
			buildSettings = {
				ALWAYS_SEARCH_USER_PATHS = NO;
				CLANG_CXX_LANGUAGE_STANDARD = "gnu++0x";
				CLANG_CXX_LIBRARY = "libc++";
				CLANG_ENABLE_MODULES = YES;
				CLANG_ENABLE_OBJC_ARC = YES;
				CLANG_WARN_BOOL_CONVERSION = YES;
				CLANG_WARN_CONSTANT_CONVERSION = YES;
				CLANG_WARN_DIRECT_OBJC_ISA_USAGE = YES_ERROR;
				CLANG_WARN_EMPTY_BODY = YES;
				CLANG_WARN_ENUM_CONVERSION = YES;
				CLANG_WARN_INT_CONVERSION = YES;
				CLANG_WARN_OBJC_ROOT_CLASS = YES_ERROR;
				CLANG_WARN_UNREACHABLE_CODE = YES;
				CLANG_WARN__DUPLICATE_METHOD_MATCH = YES;
				"CODE_SIGN_IDENTITY[sdk=iphoneos*]" = "iPhone Developer";
				COPY_PHASE_STRIP = YES;
				ENABLE_NS_ASSERTIONS = NO;
				ENABLE_STRICT_OBJC_MSGSEND = YES;
				GCC_C_LANGUAGE_STANDARD = gnu99;
				GCC_WARN_64_TO_32_BIT_CONVERSION = YES;
				GCC_WARN_ABOUT_RETURN_TYPE = YES_ERROR;
				GCC_WARN_UNDECLARED_SELECTOR = YES;
				GCC_WARN_UNINITIALIZED_AUTOS = YES_AGGRESSIVE;
				GCC_WARN_UNUSED_FUNCTION = YES;
				GCC_WARN_UNUSED_VARIABLE = YES;
				IPHONEOS_DEPLOYMENT_TARGET = 8.1;
				MTL_ENABLE_DEBUG_INFO = NO;
				SDKROOT = iphoneos;
				VALIDATE_PRODUCT = YES;
			};
			name = Release;
		};
		B531B0341A27A3F20034CF3C /* Debug */ = {
			isa = XCBuildConfiguration;
			buildSettings = {
				ASSETCATALOG_COMPILER_APPICON_NAME = AppIcon;
				FRAMEWORK_SEARCH_PATHS = (
					"$(inherited)",
					"$(PROJECT_DIR)/Sign",
					On,
					/Users/Ben/Documents/FacebookSDK,
					"$(PROJECT_DIR)",
				);
				INFOPLIST_FILE = "Sign On/Info.plist";
				LD_RUNPATH_SEARCH_PATHS = "$(inherited) @executable_path/Frameworks";
				OTHER_LDFLAGS = "-ObjC";
				PRODUCT_NAME = Intertwine;
			};
			name = Debug;
		};
		B531B0351A27A3F20034CF3C /* Release */ = {
			isa = XCBuildConfiguration;
			buildSettings = {
				ASSETCATALOG_COMPILER_APPICON_NAME = AppIcon;
				FRAMEWORK_SEARCH_PATHS = (
					"$(inherited)",
					"$(PROJECT_DIR)/Sign",
					On,
					/Users/Ben/Documents/FacebookSDK,
					"$(PROJECT_DIR)",
				);
				INFOPLIST_FILE = "Sign On/Info.plist";
				LD_RUNPATH_SEARCH_PATHS = "$(inherited) @executable_path/Frameworks";
				OTHER_LDFLAGS = "-ObjC";
				PRODUCT_NAME = Intertwine;
			};
			name = Release;
		};
		B531B0371A27A3F20034CF3C /* Debug */ = {
			isa = XCBuildConfiguration;
			buildSettings = {
				BUNDLE_LOADER = "$(TEST_HOST)";
				FRAMEWORK_SEARCH_PATHS = (
					"$(SDKROOT)/Developer/Library/Frameworks",
					"$(inherited)",
				);
				GCC_PREPROCESSOR_DEFINITIONS = (
					"DEBUG=1",
					"$(inherited)",
				);
				INFOPLIST_FILE = "Sign OnTests/Info.plist";
				LD_RUNPATH_SEARCH_PATHS = "$(inherited) @executable_path/Frameworks @loader_path/Frameworks";
				PRODUCT_NAME = IntertwineTests;
				TEST_HOST = "$(BUILT_PRODUCTS_DIR)/Sign On.app/Sign On";
			};
			name = Debug;
		};
		B531B0381A27A3F20034CF3C /* Release */ = {
			isa = XCBuildConfiguration;
			buildSettings = {
				BUNDLE_LOADER = "$(TEST_HOST)";
				FRAMEWORK_SEARCH_PATHS = (
					"$(SDKROOT)/Developer/Library/Frameworks",
					"$(inherited)",
				);
				INFOPLIST_FILE = "Sign OnTests/Info.plist";
				LD_RUNPATH_SEARCH_PATHS = "$(inherited) @executable_path/Frameworks @loader_path/Frameworks";
				PRODUCT_NAME = IntertwineTests;
				TEST_HOST = "$(BUILT_PRODUCTS_DIR)/Sign On.app/Sign On";
			};
			name = Release;
		};
/* End XCBuildConfiguration section */

/* Begin XCConfigurationList section */
		B531B00B1A27A3F20034CF3C /* Build configuration list for PBXProject "Intertwine" */ = {
			isa = XCConfigurationList;
			buildConfigurations = (
				B531B0311A27A3F20034CF3C /* Debug */,
				B531B0321A27A3F20034CF3C /* Release */,
			);
			defaultConfigurationIsVisible = 0;
			defaultConfigurationName = Release;
		};
		B531B0331A27A3F20034CF3C /* Build configuration list for PBXNativeTarget "Intertwine" */ = {
			isa = XCConfigurationList;
			buildConfigurations = (
				B531B0341A27A3F20034CF3C /* Debug */,
				B531B0351A27A3F20034CF3C /* Release */,
			);
			defaultConfigurationIsVisible = 0;
			defaultConfigurationName = Release;
		};
		B531B0361A27A3F20034CF3C /* Build configuration list for PBXNativeTarget "IntertwineTests" */ = {
			isa = XCConfigurationList;
			buildConfigurations = (
				B531B0371A27A3F20034CF3C /* Debug */,
				B531B0381A27A3F20034CF3C /* Release */,
			);
			defaultConfigurationIsVisible = 0;
			defaultConfigurationName = Release;
		};
/* End XCConfigurationList section */
	};
	rootObject = B531B0081A27A3F20034CF3C /* Project object */;
}
